<?xml version="1.0" encoding="utf-8"?>
<Project ToolsVersion="4.0" xmlns="http://schemas.microsoft.com/developer/msbuild/2003">
  <ItemGroup>
    <ClCompile Include="main.c" />
    <ClCompile Include="..\test.c" />
    <ClCompile Include="..\vi_app.c" />
    <ClCompile Include="..\vi_file.c" />
    <ClCompile Include="..\vi_log.c" />
    <ClCompile Include="..\vi_lua.c" />
    <ClCompile Include="..\vi_math.c" />
    <ClCompile Include="..\vi_mem.c" />
    <ClCompile Include="..\vi_msg.c" />
    <ClCompile Include="..\vi_sys.c" />
    <ClCompile Include="..\vi3d.c" />
  </ItemGroup>
  <ItemGroup>
    <ClInclude Include="..\test.h" />
    <ClInclude Include="..\vi_app.h" />
    <ClInclude Include="..\vi_file.h" />
    <ClInclude Include="..\vi_log.h" />
    <ClInclude Include="..\vi_lua.h" />
    <ClInclude Include="..\vi_math.h" />
    <ClInclude Include="..\vi_mem.h" />
    <ClInclude Include="..\vi_msg.h" />
    <ClInclude Include="..\vi_sys.h" />
    <ClInclude Include="..\vi3d.h" />
  </ItemGroup>
</Project>