<?xml version="1.0" encoding="utf-8"?>
<Project ToolsVersion="4.0" xmlns="http://schemas.microsoft.com/developer/msbuild/2003">
  <ItemGroup>
    <ClCompile Include="main.c" />
    <ClCompile Include="..\app.c" />
    <ClCompile Include="..\file.c" />
    <ClCompile Include="..\log.c" />
    <ClCompile Include="..\math.c" />
    <ClCompile Include="..\mem.c" />
    <ClCompile Include="..\msg.c" />
    <ClCompile Include="..\script.c" />
    <ClCompile Include="..\sys.c" />
    <ClCompile Include="..\vi3d.c" />
    <ClCompile Include="..\test.c" />
  </ItemGroup>
  <ItemGroup>
    <ClInclude Include="..\app.h" />
    <ClInclude Include="..\file.h" />
    <ClInclude Include="..\log.h" />
    <ClInclude Include="..\math.h" />
    <ClInclude Include="..\mem.h" />
    <ClInclude Include="..\msg.h" />
    <ClInclude Include="..\script.h" />
    <ClInclude Include="..\sys.h" />
    <ClInclude Include="..\test.h" />
    <ClInclude Include="..\vi3d.h" />
  </ItemGroup>
  <ItemGroup>
    <Text Include="..\doc.txt" />
  </ItemGroup>
</Project>