// !$*UTF8*$!
{
	archiveVersion = 1;
	classes = {
	};
	objectVersion = 46;
	objects = {

/* Begin PBXAggregateTarget section */
		59A30E4CF2804001B7B7636C /* ALL_BUILD */ = {
			isa = PBXAggregateTarget;
			buildConfigurationList = B213897B60444B3FA4CD3033 /* Build configuration list for PBXAggregateTarget "ALL_BUILD" */;
			buildPhases = (
				574A7EB7CCBB42709421D7BB /* CMake Rules */,
			);
			dependencies = (
				5FA5AE51AED541ECBEE07467 /* PBXTargetDependency */,
				86A64987240843A0ACF1224F /* PBXTargetDependency */,
			);
			name = ALL_BUILD;
			productName = ALL_BUILD;
		};
		C0222825E204482D9E7300DD /* ZERO_CHECK */ = {
			isa = PBXAggregateTarget;
			buildConfigurationList = C9DBFFA74AE947C8B005D9F4 /* Build configuration list for PBXAggregateTarget "ZERO_CHECK" */;
			buildPhases = (
				8277F56D5ABF43039837062E /* CMake Rules */,
			);
			dependencies = (
			);
			name = ZERO_CHECK;
			productName = ZERO_CHECK;
		};
/* End PBXAggregateTarget section */

/* Begin PBXBuildFile section */
		0575EDD9276B46FFB23EBDA3 /* /Users/tianye/home/workdir/vi3d/3rd/lua-5.3.3/src/lauxlib.c */ = {isa = PBXBuildFile; fileRef = B02A130298E24A568486166A /* /Users/tianye/home/workdir/vi3d/3rd/lua-5.3.3/src/lauxlib.c */; };
		1630BA722F464691B0A7F2AE /* /Users/tianye/home/workdir/vi3d/3rd/lua-5.3.3/src/lcorolib.c */ = {isa = PBXBuildFile; fileRef = 251DB35537684394ADF5F119 /* /Users/tianye/home/workdir/vi3d/3rd/lua-5.3.3/src/lcorolib.c */; };
		1AB36BFA874F4F8EA5A298C9 /* /Users/tianye/home/workdir/vi3d/3rd/lua-5.3.3/src/loadlib.c */ = {isa = PBXBuildFile; fileRef = 95B3C42F39A346E59F5ABF54 /* /Users/tianye/home/workdir/vi3d/3rd/lua-5.3.3/src/loadlib.c */; };
		30FFD9861C0E48B1A73037E6 /* /Users/tianye/home/workdir/vi3d/3rd/lua-5.3.3/src/lstring.c */ = {isa = PBXBuildFile; fileRef = C304AC8055A8405A8989C529 /* /Users/tianye/home/workdir/vi3d/3rd/lua-5.3.3/src/lstring.c */; };
		33105EAFA32A4B5E9053C9AA /* /Users/tianye/home/workdir/vi3d/3rd/lua-5.3.3/src/lbitlib.c */ = {isa = PBXBuildFile; fileRef = 890E6161A2E5483187113732 /* /Users/tianye/home/workdir/vi3d/3rd/lua-5.3.3/src/lbitlib.c */; };
		3A9B67DD2D3C4745AD3136B9 /* /Users/tianye/home/workdir/vi3d/3rd/lua-5.3.3/src/linit.c */ = {isa = PBXBuildFile; fileRef = 5F3897A9FA0A49B9A00CC9A1 /* /Users/tianye/home/workdir/vi3d/3rd/lua-5.3.3/src/linit.c */; };
		45E4D1F5C73843048415A38B /* /Users/tianye/home/workdir/vi3d/3rd/lua-5.3.3/src/loslib.c */ = {isa = PBXBuildFile; fileRef = D90441968C9641FA82848874 /* /Users/tianye/home/workdir/vi3d/3rd/lua-5.3.3/src/loslib.c */; };
		52587415C6A749BDB550467E /* /Users/tianye/home/workdir/vi3d/3rd/lua-5.3.3/src/lvm.c */ = {isa = PBXBuildFile; fileRef = 6699CAE84529477EBAECF005 /* /Users/tianye/home/workdir/vi3d/3rd/lua-5.3.3/src/lvm.c */; };
		6194FAC9860142A88BDE68DC /* /Users/tianye/home/workdir/vi3d/3rd/lua-5.3.3/src/ldump.c */ = {isa = PBXBuildFile; fileRef = 59AE16AC88A347EBB2EF33AF /* /Users/tianye/home/workdir/vi3d/3rd/lua-5.3.3/src/ldump.c */; };
		62D1C361C09C4F29BC28355E /* /Users/tianye/home/workdir/vi3d/3rd/lua-5.3.3/src/liolib.c */ = {isa = PBXBuildFile; fileRef = B672B6395AFA44B0BF266FD3 /* /Users/tianye/home/workdir/vi3d/3rd/lua-5.3.3/src/liolib.c */; };
		63CC64265E0D4032A5F2ACAE /* /Users/tianye/home/workdir/vi3d/3rd/lua-5.3.3/src/lcode.c */ = {isa = PBXBuildFile; fileRef = 5EC1A34007084A9BA704D8DE /* /Users/tianye/home/workdir/vi3d/3rd/lua-5.3.3/src/lcode.c */; };
		683C7799DAF345A689766E27 /* /Users/tianye/home/workdir/vi3d/3rd/lua-5.3.3/src/lmathlib.c */ = {isa = PBXBuildFile; fileRef = 7D6B93E74F6B4FEF89C0B93E /* /Users/tianye/home/workdir/vi3d/3rd/lua-5.3.3/src/lmathlib.c */; };
		69EBE1758A4C40DF910CAE80 /* /Users/tianye/home/workdir/vi3d/3rd/lua-5.3.3/src/lobject.c */ = {isa = PBXBuildFile; fileRef = 2205113747D148369A5CA676 /* /Users/tianye/home/workdir/vi3d/3rd/lua-5.3.3/src/lobject.c */; };
		795012895AA8478D9C2BEA54 /* /Users/tianye/home/workdir/vi3d/3rd/lua-5.3.3/src/llex.c */ = {isa = PBXBuildFile; fileRef = 446F5D472F4C47C3B08CBDC6 /* /Users/tianye/home/workdir/vi3d/3rd/lua-5.3.3/src/llex.c */; };
		7B072B7A59CD4F4EA5ABEDB4 /* /Users/tianye/home/workdir/vi3d/3rd/lua-5.3.3/build2/CMakeFiles/lua.dir/Info.plist */ = {isa = PBXBuildFile; fileRef = 555CEE2B1F754C09B1D3E314 /* /Users/tianye/home/workdir/vi3d/3rd/lua-5.3.3/build2/CMakeFiles/lua.dir/Info.plist */; };
		7B259F9330934A60B5A2E8B2 /* /Users/tianye/home/workdir/vi3d/3rd/lua-5.3.3/src/lparser.c */ = {isa = PBXBuildFile; fileRef = 2D1760DEA2C942C4AFA7D7B9 /* /Users/tianye/home/workdir/vi3d/3rd/lua-5.3.3/src/lparser.c */; };
		82F16A3480EC44929E780994 /* /Users/tianye/home/workdir/vi3d/3rd/lua-5.3.3/src/lstate.c */ = {isa = PBXBuildFile; fileRef = 8858A9456426412AABA44610 /* /Users/tianye/home/workdir/vi3d/3rd/lua-5.3.3/src/lstate.c */; };
		83D029570424482FB1151CEA /* /Users/tianye/home/workdir/vi3d/3rd/lua-5.3.3/src/ldblib.c */ = {isa = PBXBuildFile; fileRef = 447F0B3C4E294B5CA3FD8B0B /* /Users/tianye/home/workdir/vi3d/3rd/lua-5.3.3/src/ldblib.c */; };
		88A767AF5EE44CE0922CDE30 /* /Users/tianye/home/workdir/vi3d/3rd/lua-5.3.3/src/lbaselib.c */ = {isa = PBXBuildFile; fileRef = 878D671372234C2EADD6037C /* /Users/tianye/home/workdir/vi3d/3rd/lua-5.3.3/src/lbaselib.c */; };
		89CE0FD508C74441AC21A88F /* /Users/tianye/home/workdir/vi3d/3rd/lua-5.3.3/src/lmem.c */ = {isa = PBXBuildFile; fileRef = 58DE141E1CDF43EC89FCD6E9 /* /Users/tianye/home/workdir/vi3d/3rd/lua-5.3.3/src/lmem.c */; };
		8BB0A44952D145F7AB9D1321 /* /Users/tianye/home/workdir/vi3d/3rd/lua-5.3.3/src/lutf8lib.c */ = {isa = PBXBuildFile; fileRef = 9D8EC68627B6459E93AB267A /* /Users/tianye/home/workdir/vi3d/3rd/lua-5.3.3/src/lutf8lib.c */; };
		94B63284EE804DD680C508F2 /* /Users/tianye/home/workdir/vi3d/3rd/lua-5.3.3/src/lzio.c */ = {isa = PBXBuildFile; fileRef = 1B620BF3F3114840BA6EFDAA /* /Users/tianye/home/workdir/vi3d/3rd/lua-5.3.3/src/lzio.c */; };
		96AD9E43021B47B489E8215D /* /Users/tianye/home/workdir/vi3d/3rd/lua-5.3.3/src/ltable.c */ = {isa = PBXBuildFile; fileRef = 4DD017E41D904A07BB0CB903 /* /Users/tianye/home/workdir/vi3d/3rd/lua-5.3.3/src/ltable.c */; };
		B195B019A38446CC8C2DF20A /* /Users/tianye/home/workdir/vi3d/3rd/lua-5.3.3/src/lopcodes.c */ = {isa = PBXBuildFile; fileRef = 380D81893C1F43D1AF023EBA /* /Users/tianye/home/workdir/vi3d/3rd/lua-5.3.3/src/lopcodes.c */; };
		B1DC4059F5CA4D3ABE6A193B /* /Users/tianye/home/workdir/vi3d/3rd/lua-5.3.3/src/ldebug.c */ = {isa = PBXBuildFile; fileRef = DFA4C3710668436AB171B821 /* /Users/tianye/home/workdir/vi3d/3rd/lua-5.3.3/src/ldebug.c */; };
		B32881908C3849C6A7CAAAFE /* /Users/tianye/home/workdir/vi3d/3rd/lua-5.3.3/src/ltm.c */ = {isa = PBXBuildFile; fileRef = A8AB6A21929D426095C1C0AD /* /Users/tianye/home/workdir/vi3d/3rd/lua-5.3.3/src/ltm.c */; };
		B8D4687D74674FDE9DA5AB78 /* /Users/tianye/home/workdir/vi3d/3rd/lua-5.3.3/src/lctype.c */ = {isa = PBXBuildFile; fileRef = 96A66CA1585A473EA21F547F /* /Users/tianye/home/workdir/vi3d/3rd/lua-5.3.3/src/lctype.c */; };
		C2E690DA2D3F40A699CA61F7 /* /Users/tianye/home/workdir/vi3d/3rd/lua-5.3.3/src/lfunc.c */ = {isa = PBXBuildFile; fileRef = C5768C7D10D146C9BFB7154B /* /Users/tianye/home/workdir/vi3d/3rd/lua-5.3.3/src/lfunc.c */; };
		C5F8858FA00441A28501DDBF /* /Users/tianye/home/workdir/vi3d/3rd/lua-5.3.3/src/lapi.c */ = {isa = PBXBuildFile; fileRef = 0D46CD9587F34826B1C73EF1 /* /Users/tianye/home/workdir/vi3d/3rd/lua-5.3.3/src/lapi.c */; };
		D486FFD3E4FD42E88E7242EC /* /Users/tianye/home/workdir/vi3d/3rd/lua-5.3.3/src/ldo.c */ = {isa = PBXBuildFile; fileRef = FE27EC552F0E4AB49E4FCCD1 /* /Users/tianye/home/workdir/vi3d/3rd/lua-5.3.3/src/ldo.c */; };
		D7F621677FD942BD97708373 /* /Users/tianye/home/workdir/vi3d/3rd/lua-5.3.3/src/lundump.c */ = {isa = PBXBuildFile; fileRef = 27D6793875DB424D929DECCE /* /Users/tianye/home/workdir/vi3d/3rd/lua-5.3.3/src/lundump.c */; };
		E417A2A3A62E4DCCAFBFA323 /* /Users/tianye/home/workdir/vi3d/3rd/lua-5.3.3/src/lgc.c */ = {isa = PBXBuildFile; fileRef = D10047A3A5334711B8660F09 /* /Users/tianye/home/workdir/vi3d/3rd/lua-5.3.3/src/lgc.c */; };
		FA97E0F569044F6AA0A3ED03 /* /Users/tianye/home/workdir/vi3d/3rd/lua-5.3.3/src/lstrlib.c */ = {isa = PBXBuildFile; fileRef = 130E4944CA6948D5A9A6E081 /* /Users/tianye/home/workdir/vi3d/3rd/lua-5.3.3/src/lstrlib.c */; };
		FD6F4004FE0F477C9DFD1EFE /* /Users/tianye/home/workdir/vi3d/3rd/lua-5.3.3/src/ltablib.c */ = {isa = PBXBuildFile; fileRef = AA4F84AA9E144C83AAB4B8C8 /* /Users/tianye/home/workdir/vi3d/3rd/lua-5.3.3/src/ltablib.c */; };
		FF58C1FB0A0B479E802D9273 /* /Users/tianye/home/workdir/vi3d/3rd/lua-5.3.3/CMakeLists.txt */ = {isa = PBXBuildFile; fileRef = B077F15AC6EB40A2BBB5D73B /* /Users/tianye/home/workdir/vi3d/3rd/lua-5.3.3/CMakeLists.txt */; };
/* End PBXBuildFile section */

/* Begin PBXBuildStyle section */
		12FB0B30733A4D18AE5B70E6 /* Release */ = {
			isa = PBXBuildStyle;
			buildSettings = {
				COPY_PHASE_STRIP = NO;
			};
			name = Release;
		};
		54687D5932EB4E0AB60E6914 /* RelWithDebInfo */ = {
			isa = PBXBuildStyle;
			buildSettings = {
				COPY_PHASE_STRIP = NO;
			};
			name = RelWithDebInfo;
		};
		D195A54A83404E23AC0CF58C = {
			isa = PBXBuildStyle;
		};
		D396F78DE2314CC9B20AF889 /* Debug */ = {
			isa = PBXBuildStyle;
			buildSettings = {
				COPY_PHASE_STRIP = NO;
			};
			name = Debug;
		};
		EED25EC05005499A9A6CC551 /* MinSizeRel */ = {
			isa = PBXBuildStyle;
			buildSettings = {
				COPY_PHASE_STRIP = NO;
			};
			name = MinSizeRel;
		};
/* End PBXBuildStyle section */

/* Begin PBXContainerItemProxy section */
		6453A0001166467BB2B5FC05 /* PBXContainerItemProxy */ = {
			isa = PBXContainerItemProxy;
			containerPortal = 4B783EE1891D4C159B7B73FE /* Project object */;
			proxyType = 1;
			remoteGlobalIDString = C0222825E204482D9E7300DD;
			remoteInfo = ZERO_CHECK;
		};
		84BC4E44F752409CA5FCCAAE /* PBXContainerItemProxy */ = {
			isa = PBXContainerItemProxy;
			containerPortal = 4B783EE1891D4C159B7B73FE /* Project object */;
			proxyType = 1;
			remoteGlobalIDString = C0222825E204482D9E7300DD;
			remoteInfo = ZERO_CHECK;
		};
		8B3EC8E32F634517901E8C7F /* PBXContainerItemProxy */ = {
			isa = PBXContainerItemProxy;
			containerPortal = 4B783EE1891D4C159B7B73FE /* Project object */;
			proxyType = 1;
			remoteGlobalIDString = 107D21D97DD94671A7B45F65;
			remoteInfo = lua;
		};
/* End PBXContainerItemProxy section */

/* Begin PBXFileReference section */
		0D46CD9587F34826B1C73EF1 /* /Users/tianye/home/workdir/vi3d/3rd/lua-5.3.3/src/lapi.c */ = {isa = PBXFileReference; explicitFileType = sourcecode.c.c; fileEncoding = 4; name = lapi.c; path = src/lapi.c; sourceTree = SOURCE_ROOT; };
		130E4944CA6948D5A9A6E081 /* /Users/tianye/home/workdir/vi3d/3rd/lua-5.3.3/src/lstrlib.c */ = {isa = PBXFileReference; explicitFileType = sourcecode.c.c; fileEncoding = 4; name = lstrlib.c; path = src/lstrlib.c; sourceTree = SOURCE_ROOT; };
		1B620BF3F3114840BA6EFDAA /* /Users/tianye/home/workdir/vi3d/3rd/lua-5.3.3/src/lzio.c */ = {isa = PBXFileReference; explicitFileType = sourcecode.c.c; fileEncoding = 4; name = lzio.c; path = src/lzio.c; sourceTree = SOURCE_ROOT; };
		2205113747D148369A5CA676 /* /Users/tianye/home/workdir/vi3d/3rd/lua-5.3.3/src/lobject.c */ = {isa = PBXFileReference; explicitFileType = sourcecode.c.c; fileEncoding = 4; name = lobject.c; path = src/lobject.c; sourceTree = SOURCE_ROOT; };
		251DB35537684394ADF5F119 /* /Users/tianye/home/workdir/vi3d/3rd/lua-5.3.3/src/lcorolib.c */ = {isa = PBXFileReference; explicitFileType = sourcecode.c.c; fileEncoding = 4; name = lcorolib.c; path = src/lcorolib.c; sourceTree = SOURCE_ROOT; };
		27D6793875DB424D929DECCE /* /Users/tianye/home/workdir/vi3d/3rd/lua-5.3.3/src/lundump.c */ = {isa = PBXFileReference; explicitFileType = sourcecode.c.c; fileEncoding = 4; name = lundump.c; path = src/lundump.c; sourceTree = SOURCE_ROOT; };
		2D1760DEA2C942C4AFA7D7B9 /* /Users/tianye/home/workdir/vi3d/3rd/lua-5.3.3/src/lparser.c */ = {isa = PBXFileReference; explicitFileType = sourcecode.c.c; fileEncoding = 4; name = lparser.c; path = src/lparser.c; sourceTree = SOURCE_ROOT; };
		380D81893C1F43D1AF023EBA /* /Users/tianye/home/workdir/vi3d/3rd/lua-5.3.3/src/lopcodes.c */ = {isa = PBXFileReference; explicitFileType = sourcecode.c.c; fileEncoding = 4; name = lopcodes.c; path = src/lopcodes.c; sourceTree = SOURCE_ROOT; };
		3DCE950A6FA24BE2A475C30B /* lua */ = {isa = PBXFileReference; explicitFileType = archive.ar; path = liblua.a; sourceTree = BUILT_PRODUCTS_DIR; };
		446F5D472F4C47C3B08CBDC6 /* /Users/tianye/home/workdir/vi3d/3rd/lua-5.3.3/src/llex.c */ = {isa = PBXFileReference; explicitFileType = sourcecode.c.c; fileEncoding = 4; name = llex.c; path = src/llex.c; sourceTree = SOURCE_ROOT; };
		447F0B3C4E294B5CA3FD8B0B /* /Users/tianye/home/workdir/vi3d/3rd/lua-5.3.3/src/ldblib.c */ = {isa = PBXFileReference; explicitFileType = sourcecode.c.c; fileEncoding = 4; name = ldblib.c; path = src/ldblib.c; sourceTree = SOURCE_ROOT; };
		4DD017E41D904A07BB0CB903 /* /Users/tianye/home/workdir/vi3d/3rd/lua-5.3.3/src/ltable.c */ = {isa = PBXFileReference; explicitFileType = sourcecode.c.c; fileEncoding = 4; name = ltable.c; path = src/ltable.c; sourceTree = SOURCE_ROOT; };
		555CEE2B1F754C09B1D3E314 /* /Users/tianye/home/workdir/vi3d/3rd/lua-5.3.3/build2/CMakeFiles/lua.dir/Info.plist */ = {isa = PBXFileReference; explicitFileType = sourcecode.text.plist; fileEncoding = 4; name = Info.plist; path = build2/CMakeFiles/lua.dir/Info.plist; sourceTree = SOURCE_ROOT; };
		58DE141E1CDF43EC89FCD6E9 /* /Users/tianye/home/workdir/vi3d/3rd/lua-5.3.3/src/lmem.c */ = {isa = PBXFileReference; explicitFileType = sourcecode.c.c; fileEncoding = 4; name = lmem.c; path = src/lmem.c; sourceTree = SOURCE_ROOT; };
		59AE16AC88A347EBB2EF33AF /* /Users/tianye/home/workdir/vi3d/3rd/lua-5.3.3/src/ldump.c */ = {isa = PBXFileReference; explicitFileType = sourcecode.c.c; fileEncoding = 4; name = ldump.c; path = src/ldump.c; sourceTree = SOURCE_ROOT; };
		5EC1A34007084A9BA704D8DE /* /Users/tianye/home/workdir/vi3d/3rd/lua-5.3.3/src/lcode.c */ = {isa = PBXFileReference; explicitFileType = sourcecode.c.c; fileEncoding = 4; name = lcode.c; path = src/lcode.c; sourceTree = SOURCE_ROOT; };
		5F3897A9FA0A49B9A00CC9A1 /* /Users/tianye/home/workdir/vi3d/3rd/lua-5.3.3/src/linit.c */ = {isa = PBXFileReference; explicitFileType = sourcecode.c.c; fileEncoding = 4; name = linit.c; path = src/linit.c; sourceTree = SOURCE_ROOT; };
		61E4FB71EC8441A898878165 /* /Users/tianye/home/workdir/vi3d/3rd/lua-5.3.3/CMakeLists.txt */ = {isa = PBXFileReference; explicitFileType = sourcecode.text; fileEncoding = 4; name = CMakeLists.txt; path = CMakeLists.txt; sourceTree = SOURCE_ROOT; };
		6699CAE84529477EBAECF005 /* /Users/tianye/home/workdir/vi3d/3rd/lua-5.3.3/src/lvm.c */ = {isa = PBXFileReference; explicitFileType = sourcecode.c.c; fileEncoding = 4; name = lvm.c; path = src/lvm.c; sourceTree = SOURCE_ROOT; };
		69754A0E0FA1476C84C644A8 /* /Users/tianye/home/workdir/vi3d/3rd/lua-5.3.3/CMakeLists.txt */ = {isa = PBXFileReference; explicitFileType = sourcecode.text; fileEncoding = 4; name = CMakeLists.txt; path = CMakeLists.txt; sourceTree = SOURCE_ROOT; };
		7D6B93E74F6B4FEF89C0B93E /* /Users/tianye/home/workdir/vi3d/3rd/lua-5.3.3/src/lmathlib.c */ = {isa = PBXFileReference; explicitFileType = sourcecode.c.c; fileEncoding = 4; name = lmathlib.c; path = src/lmathlib.c; sourceTree = SOURCE_ROOT; };
		878D671372234C2EADD6037C /* /Users/tianye/home/workdir/vi3d/3rd/lua-5.3.3/src/lbaselib.c */ = {isa = PBXFileReference; explicitFileType = sourcecode.c.c; fileEncoding = 4; name = lbaselib.c; path = src/lbaselib.c; sourceTree = SOURCE_ROOT; };
		8858A9456426412AABA44610 /* /Users/tianye/home/workdir/vi3d/3rd/lua-5.3.3/src/lstate.c */ = {isa = PBXFileReference; explicitFileType = sourcecode.c.c; fileEncoding = 4; name = lstate.c; path = src/lstate.c; sourceTree = SOURCE_ROOT; };
		890E6161A2E5483187113732 /* /Users/tianye/home/workdir/vi3d/3rd/lua-5.3.3/src/lbitlib.c */ = {isa = PBXFileReference; explicitFileType = sourcecode.c.c; fileEncoding = 4; name = lbitlib.c; path = src/lbitlib.c; sourceTree = SOURCE_ROOT; };
		95B3C42F39A346E59F5ABF54 /* /Users/tianye/home/workdir/vi3d/3rd/lua-5.3.3/src/loadlib.c */ = {isa = PBXFileReference; explicitFileType = sourcecode.c.c; fileEncoding = 4; name = loadlib.c; path = src/loadlib.c; sourceTree = SOURCE_ROOT; };
		96A66CA1585A473EA21F547F /* /Users/tianye/home/workdir/vi3d/3rd/lua-5.3.3/src/lctype.c */ = {isa = PBXFileReference; explicitFileType = sourcecode.c.c; fileEncoding = 4; name = lctype.c; path = src/lctype.c; sourceTree = SOURCE_ROOT; };
		9D8EC68627B6459E93AB267A /* /Users/tianye/home/workdir/vi3d/3rd/lua-5.3.3/src/lutf8lib.c */ = {isa = PBXFileReference; explicitFileType = sourcecode.c.c; fileEncoding = 4; name = lutf8lib.c; path = src/lutf8lib.c; sourceTree = SOURCE_ROOT; };
		A8AB6A21929D426095C1C0AD /* /Users/tianye/home/workdir/vi3d/3rd/lua-5.3.3/src/ltm.c */ = {isa = PBXFileReference; explicitFileType = sourcecode.c.c; fileEncoding = 4; name = ltm.c; path = src/ltm.c; sourceTree = SOURCE_ROOT; };
		AA4F84AA9E144C83AAB4B8C8 /* /Users/tianye/home/workdir/vi3d/3rd/lua-5.3.3/src/ltablib.c */ = {isa = PBXFileReference; explicitFileType = sourcecode.c.c; fileEncoding = 4; name = ltablib.c; path = src/ltablib.c; sourceTree = SOURCE_ROOT; };
		B02A130298E24A568486166A /* /Users/tianye/home/workdir/vi3d/3rd/lua-5.3.3/src/lauxlib.c */ = {isa = PBXFileReference; explicitFileType = sourcecode.c.c; fileEncoding = 4; name = lauxlib.c; path = src/lauxlib.c; sourceTree = SOURCE_ROOT; };
		B077F15AC6EB40A2BBB5D73B /* /Users/tianye/home/workdir/vi3d/3rd/lua-5.3.3/CMakeLists.txt */ = {isa = PBXFileReference; explicitFileType = sourcecode.text; fileEncoding = 4; name = CMakeLists.txt; path = CMakeLists.txt; sourceTree = SOURCE_ROOT; };
		B672B6395AFA44B0BF266FD3 /* /Users/tianye/home/workdir/vi3d/3rd/lua-5.3.3/src/liolib.c */ = {isa = PBXFileReference; explicitFileType = sourcecode.c.c; fileEncoding = 4; name = liolib.c; path = src/liolib.c; sourceTree = SOURCE_ROOT; };
		C304AC8055A8405A8989C529 /* /Users/tianye/home/workdir/vi3d/3rd/lua-5.3.3/src/lstring.c */ = {isa = PBXFileReference; explicitFileType = sourcecode.c.c; fileEncoding = 4; name = lstring.c; path = src/lstring.c; sourceTree = SOURCE_ROOT; };
		C5768C7D10D146C9BFB7154B /* /Users/tianye/home/workdir/vi3d/3rd/lua-5.3.3/src/lfunc.c */ = {isa = PBXFileReference; explicitFileType = sourcecode.c.c; fileEncoding = 4; name = lfunc.c; path = src/lfunc.c; sourceTree = SOURCE_ROOT; };
		D10047A3A5334711B8660F09 /* /Users/tianye/home/workdir/vi3d/3rd/lua-5.3.3/src/lgc.c */ = {isa = PBXFileReference; explicitFileType = sourcecode.c.c; fileEncoding = 4; name = lgc.c; path = src/lgc.c; sourceTree = SOURCE_ROOT; };
		D90441968C9641FA82848874 /* /Users/tianye/home/workdir/vi3d/3rd/lua-5.3.3/src/loslib.c */ = {isa = PBXFileReference; explicitFileType = sourcecode.c.c; fileEncoding = 4; name = loslib.c; path = src/loslib.c; sourceTree = SOURCE_ROOT; };
		DFA4C3710668436AB171B821 /* /Users/tianye/home/workdir/vi3d/3rd/lua-5.3.3/src/ldebug.c */ = {isa = PBXFileReference; explicitFileType = sourcecode.c.c; fileEncoding = 4; name = ldebug.c; path = src/ldebug.c; sourceTree = SOURCE_ROOT; };
		FE27EC552F0E4AB49E4FCCD1 /* /Users/tianye/home/workdir/vi3d/3rd/lua-5.3.3/src/ldo.c */ = {isa = PBXFileReference; explicitFileType = sourcecode.c.c; fileEncoding = 4; name = ldo.c; path = src/ldo.c; sourceTree = SOURCE_ROOT; };
/* End PBXFileReference section */

/* Begin PBXGroup section */
		0414ECED9B624F24A0B0EE4A /* CMake Rules */ = {
			isa = PBXGroup;
			children = (
			);
			name = "CMake Rules";
			sourceTree = "<group>";
		};
		1CD85B57216E4961BDB2FF05 /* lua */ = {
			isa = PBXGroup;
			children = (
				A6117E3B66B9477AB5A118E3 /* Source Files */,
				25FD0301E30946D591DE6869 /* Resources */,
				B077F15AC6EB40A2BBB5D73B /* /Users/tianye/home/workdir/vi3d/3rd/lua-5.3.3/CMakeLists.txt */,
			);
			name = lua;
			sourceTree = "<group>";
		};
		25FD0301E30946D591DE6869 /* Resources */ = {
			isa = PBXGroup;
			children = (
				555CEE2B1F754C09B1D3E314 /* /Users/tianye/home/workdir/vi3d/3rd/lua-5.3.3/build2/CMakeFiles/lua.dir/Info.plist */,
			);
			name = Resources;
			sourceTree = "<group>";
		};
		A6117E3B66B9477AB5A118E3 /* Source Files */ = {
			isa = PBXGroup;
			children = (
				0D46CD9587F34826B1C73EF1 /* /Users/tianye/home/workdir/vi3d/3rd/lua-5.3.3/src/lapi.c */,
				B02A130298E24A568486166A /* /Users/tianye/home/workdir/vi3d/3rd/lua-5.3.3/src/lauxlib.c */,
				878D671372234C2EADD6037C /* /Users/tianye/home/workdir/vi3d/3rd/lua-5.3.3/src/lbaselib.c */,
				890E6161A2E5483187113732 /* /Users/tianye/home/workdir/vi3d/3rd/lua-5.3.3/src/lbitlib.c */,
				5EC1A34007084A9BA704D8DE /* /Users/tianye/home/workdir/vi3d/3rd/lua-5.3.3/src/lcode.c */,
				251DB35537684394ADF5F119 /* /Users/tianye/home/workdir/vi3d/3rd/lua-5.3.3/src/lcorolib.c */,
				96A66CA1585A473EA21F547F /* /Users/tianye/home/workdir/vi3d/3rd/lua-5.3.3/src/lctype.c */,
				447F0B3C4E294B5CA3FD8B0B /* /Users/tianye/home/workdir/vi3d/3rd/lua-5.3.3/src/ldblib.c */,
				DFA4C3710668436AB171B821 /* /Users/tianye/home/workdir/vi3d/3rd/lua-5.3.3/src/ldebug.c */,
				FE27EC552F0E4AB49E4FCCD1 /* /Users/tianye/home/workdir/vi3d/3rd/lua-5.3.3/src/ldo.c */,
				59AE16AC88A347EBB2EF33AF /* /Users/tianye/home/workdir/vi3d/3rd/lua-5.3.3/src/ldump.c */,
				C5768C7D10D146C9BFB7154B /* /Users/tianye/home/workdir/vi3d/3rd/lua-5.3.3/src/lfunc.c */,
				D10047A3A5334711B8660F09 /* /Users/tianye/home/workdir/vi3d/3rd/lua-5.3.3/src/lgc.c */,
				5F3897A9FA0A49B9A00CC9A1 /* /Users/tianye/home/workdir/vi3d/3rd/lua-5.3.3/src/linit.c */,
				B672B6395AFA44B0BF266FD3 /* /Users/tianye/home/workdir/vi3d/3rd/lua-5.3.3/src/liolib.c */,
				446F5D472F4C47C3B08CBDC6 /* /Users/tianye/home/workdir/vi3d/3rd/lua-5.3.3/src/llex.c */,
				7D6B93E74F6B4FEF89C0B93E /* /Users/tianye/home/workdir/vi3d/3rd/lua-5.3.3/src/lmathlib.c */,
				58DE141E1CDF43EC89FCD6E9 /* /Users/tianye/home/workdir/vi3d/3rd/lua-5.3.3/src/lmem.c */,
				95B3C42F39A346E59F5ABF54 /* /Users/tianye/home/workdir/vi3d/3rd/lua-5.3.3/src/loadlib.c */,
				2205113747D148369A5CA676 /* /Users/tianye/home/workdir/vi3d/3rd/lua-5.3.3/src/lobject.c */,
				380D81893C1F43D1AF023EBA /* /Users/tianye/home/workdir/vi3d/3rd/lua-5.3.3/src/lopcodes.c */,
				D90441968C9641FA82848874 /* /Users/tianye/home/workdir/vi3d/3rd/lua-5.3.3/src/loslib.c */,
				2D1760DEA2C942C4AFA7D7B9 /* /Users/tianye/home/workdir/vi3d/3rd/lua-5.3.3/src/lparser.c */,
				8858A9456426412AABA44610 /* /Users/tianye/home/workdir/vi3d/3rd/lua-5.3.3/src/lstate.c */,
				C304AC8055A8405A8989C529 /* /Users/tianye/home/workdir/vi3d/3rd/lua-5.3.3/src/lstring.c */,
				130E4944CA6948D5A9A6E081 /* /Users/tianye/home/workdir/vi3d/3rd/lua-5.3.3/src/lstrlib.c */,
				4DD017E41D904A07BB0CB903 /* /Users/tianye/home/workdir/vi3d/3rd/lua-5.3.3/src/ltable.c */,
				AA4F84AA9E144C83AAB4B8C8 /* /Users/tianye/home/workdir/vi3d/3rd/lua-5.3.3/src/ltablib.c */,
				A8AB6A21929D426095C1C0AD /* /Users/tianye/home/workdir/vi3d/3rd/lua-5.3.3/src/ltm.c */,
				27D6793875DB424D929DECCE /* /Users/tianye/home/workdir/vi3d/3rd/lua-5.3.3/src/lundump.c */,
				9D8EC68627B6459E93AB267A /* /Users/tianye/home/workdir/vi3d/3rd/lua-5.3.3/src/lutf8lib.c */,
				6699CAE84529477EBAECF005 /* /Users/tianye/home/workdir/vi3d/3rd/lua-5.3.3/src/lvm.c */,
				1B620BF3F3114840BA6EFDAA /* /Users/tianye/home/workdir/vi3d/3rd/lua-5.3.3/src/lzio.c */,
			);
			name = "Source Files";
			sourceTree = "<group>";
		};
		BF4C7E30FD514FFFA67609CE /* Products */ = {
			isa = PBXGroup;
			children = (
				3DCE950A6FA24BE2A475C30B /* lua */,
			);
			name = Products;
			sourceTree = "<group>";
		};
		C1EB69F311FE4234BB7518E5 /* Sources */ = {
			isa = PBXGroup;
			children = (
				1CD85B57216E4961BDB2FF05 /* lua */,
				DAA4E55C14F542B182DF4D5B /* ALL_BUILD */,
				F0199148237543C486FD3C83 /* ZERO_CHECK */,
			);
			name = Sources;
			sourceTree = "<group>";
		};
		C37C693997164FC8B6DF6304 /* Resources */ = {
			isa = PBXGroup;
			children = (
			);
			name = Resources;
			sourceTree = "<group>";
		};
		D39AC3F76F0A4CB495157B32 = {
			isa = PBXGroup;
			children = (
				C1EB69F311FE4234BB7518E5 /* Sources */,
				C37C693997164FC8B6DF6304 /* Resources */,
				BF4C7E30FD514FFFA67609CE /* Products */,
			);
			sourceTree = "<group>";
		};
		DAA4E55C14F542B182DF4D5B /* ALL_BUILD */ = {
			isa = PBXGroup;
			children = (
				DF35C95D3F4342E1BD4263AD /* CMake Rules */,
				61E4FB71EC8441A898878165 /* /Users/tianye/home/workdir/vi3d/3rd/lua-5.3.3/CMakeLists.txt */,
			);
			name = ALL_BUILD;
			sourceTree = "<group>";
		};
		DF35C95D3F4342E1BD4263AD /* CMake Rules */ = {
			isa = PBXGroup;
			children = (
			);
			name = "CMake Rules";
			sourceTree = "<group>";
		};
		F0199148237543C486FD3C83 /* ZERO_CHECK */ = {
			isa = PBXGroup;
			children = (
				0414ECED9B624F24A0B0EE4A /* CMake Rules */,
				69754A0E0FA1476C84C644A8 /* /Users/tianye/home/workdir/vi3d/3rd/lua-5.3.3/CMakeLists.txt */,
			);
			name = ZERO_CHECK;
			sourceTree = "<group>";
		};
/* End PBXGroup section */

/* Begin PBXNativeTarget section */
		107D21D97DD94671A7B45F65 /* lua */ = {
			isa = PBXNativeTarget;
			buildConfigurationList = 5EEBDBFC42D24031A68C9B83 /* Build configuration list for PBXNativeTarget "lua" */;
			buildPhases = (
				CE62AB17C6694BBB8D3737D2 /* Sources */,
			);
			buildRules = (
			);
			dependencies = (
				8C3282BD28DE4C1F9195C4DE /* PBXTargetDependency */,
			);
			name = lua;
			productName = lua;
			productReference = 3DCE950A6FA24BE2A475C30B /* lua */;
			productType = "com.apple.product-type.library.static";
		};
/* End PBXNativeTarget section */

/* Begin PBXProject section */
		4B783EE1891D4C159B7B73FE /* Project object */ = {
			isa = PBXProject;
			attributes = {
				BuildIndependentTargetsInParallel = YES;
				LastUpgradeCheck = 0830;
			};
			buildConfigurationList = 353CBD96E1A545F6BCDD34F8 /* Build configuration list for PBXProject "lua" */;
			buildSettings = {
			};
			buildStyles = (
				D396F78DE2314CC9B20AF889 /* Debug */,
				12FB0B30733A4D18AE5B70E6 /* Release */,
				EED25EC05005499A9A6CC551 /* MinSizeRel */,
				54687D5932EB4E0AB60E6914 /* RelWithDebInfo */,
			);
			compatibilityVersion = "Xcode 3.2";
			hasScannedForEncodings = 0;
			mainGroup = D39AC3F76F0A4CB495157B32;
			projectDirPath = ../;
			projectRoot = "";
			targets = (
				59A30E4CF2804001B7B7636C /* ALL_BUILD */,
				C0222825E204482D9E7300DD /* ZERO_CHECK */,
				107D21D97DD94671A7B45F65 /* lua */,
			);
		};
/* End PBXProject section */

/* Begin PBXShellScriptBuildPhase section */
		574A7EB7CCBB42709421D7BB /* CMake Rules */ = {
			isa = PBXShellScriptBuildPhase;
			buildActionMask = 2147483647;
			files = (
			);
			name = "CMake Rules";
			runOnlyForDeploymentPostprocessing = 0;
			shellPath = /bin/sh;
			shellScript = "make -C /Users/tianye/home/workdir/vi3d/3rd/lua-5.3.3/build2 -f /Users/tianye/home/workdir/vi3d/3rd/lua-5.3.3/build2/CMakeScripts/ALL_BUILD_cmakeRulesBuildPhase.make$CONFIGURATION all";
			showEnvVarsInLog = 0;
		};
		5F68A3FCEA8A490791CAAA7E = {
			isa = PBXShellScriptBuildPhase;
			buildActionMask = 2147483647;
			files = (
			);
			inputPaths = (
			);
			outputPaths = (
			);
			runOnlyForDeploymentPostprocessing = 0;
			shellPath = /bin/sh;
			shellScript = "# shell script goes here
exit 0";
			showEnvVarsInLog = 0;
		};
		8277F56D5ABF43039837062E /* CMake Rules */ = {
			isa = PBXShellScriptBuildPhase;
			buildActionMask = 2147483647;
			files = (
			);
			name = "CMake Rules";
			runOnlyForDeploymentPostprocessing = 0;
			shellPath = /bin/sh;
			shellScript = "make -C /Users/tianye/home/workdir/vi3d/3rd/lua-5.3.3/build2 -f /Users/tianye/home/workdir/vi3d/3rd/lua-5.3.3/build2/CMakeScripts/ZERO_CHECK_cmakeRulesBuildPhase.make$CONFIGURATION all";
			showEnvVarsInLog = 0;
		};
		DA3CBD3208C340DF9A417383 = {
			isa = PBXShellScriptBuildPhase;
			buildActionMask = 2147483647;
			files = (
			);
			inputPaths = (
			);
			outputPaths = (
			);
			runOnlyForDeploymentPostprocessing = 0;
			shellPath = /bin/sh;
			shellScript = "# shell script goes here
exit 0";
			showEnvVarsInLog = 0;
		};
/* End PBXShellScriptBuildPhase section */

/* Begin PBXSourcesBuildPhase section */
		CE62AB17C6694BBB8D3737D2 /* Sources */ = {
			isa = PBXSourcesBuildPhase;
			buildActionMask = 2147483647;
			files = (
				C5F8858FA00441A28501DDBF /* /Users/tianye/home/workdir/vi3d/3rd/lua-5.3.3/src/lapi.c */,
				0575EDD9276B46FFB23EBDA3 /* /Users/tianye/home/workdir/vi3d/3rd/lua-5.3.3/src/lauxlib.c */,
				88A767AF5EE44CE0922CDE30 /* /Users/tianye/home/workdir/vi3d/3rd/lua-5.3.3/src/lbaselib.c */,
				33105EAFA32A4B5E9053C9AA /* /Users/tianye/home/workdir/vi3d/3rd/lua-5.3.3/src/lbitlib.c */,
				63CC64265E0D4032A5F2ACAE /* /Users/tianye/home/workdir/vi3d/3rd/lua-5.3.3/src/lcode.c */,
				1630BA722F464691B0A7F2AE /* /Users/tianye/home/workdir/vi3d/3rd/lua-5.3.3/src/lcorolib.c */,
				B8D4687D74674FDE9DA5AB78 /* /Users/tianye/home/workdir/vi3d/3rd/lua-5.3.3/src/lctype.c */,
				83D029570424482FB1151CEA /* /Users/tianye/home/workdir/vi3d/3rd/lua-5.3.3/src/ldblib.c */,
				B1DC4059F5CA4D3ABE6A193B /* /Users/tianye/home/workdir/vi3d/3rd/lua-5.3.3/src/ldebug.c */,
				D486FFD3E4FD42E88E7242EC /* /Users/tianye/home/workdir/vi3d/3rd/lua-5.3.3/src/ldo.c */,
				6194FAC9860142A88BDE68DC /* /Users/tianye/home/workdir/vi3d/3rd/lua-5.3.3/src/ldump.c */,
				C2E690DA2D3F40A699CA61F7 /* /Users/tianye/home/workdir/vi3d/3rd/lua-5.3.3/src/lfunc.c */,
				E417A2A3A62E4DCCAFBFA323 /* /Users/tianye/home/workdir/vi3d/3rd/lua-5.3.3/src/lgc.c */,
				3A9B67DD2D3C4745AD3136B9 /* /Users/tianye/home/workdir/vi3d/3rd/lua-5.3.3/src/linit.c */,
				62D1C361C09C4F29BC28355E /* /Users/tianye/home/workdir/vi3d/3rd/lua-5.3.3/src/liolib.c */,
				795012895AA8478D9C2BEA54 /* /Users/tianye/home/workdir/vi3d/3rd/lua-5.3.3/src/llex.c */,
				683C7799DAF345A689766E27 /* /Users/tianye/home/workdir/vi3d/3rd/lua-5.3.3/src/lmathlib.c */,
				89CE0FD508C74441AC21A88F /* /Users/tianye/home/workdir/vi3d/3rd/lua-5.3.3/src/lmem.c */,
				1AB36BFA874F4F8EA5A298C9 /* /Users/tianye/home/workdir/vi3d/3rd/lua-5.3.3/src/loadlib.c */,
				69EBE1758A4C40DF910CAE80 /* /Users/tianye/home/workdir/vi3d/3rd/lua-5.3.3/src/lobject.c */,
				B195B019A38446CC8C2DF20A /* /Users/tianye/home/workdir/vi3d/3rd/lua-5.3.3/src/lopcodes.c */,
				45E4D1F5C73843048415A38B /* /Users/tianye/home/workdir/vi3d/3rd/lua-5.3.3/src/loslib.c */,
				7B259F9330934A60B5A2E8B2 /* /Users/tianye/home/workdir/vi3d/3rd/lua-5.3.3/src/lparser.c */,
				82F16A3480EC44929E780994 /* /Users/tianye/home/workdir/vi3d/3rd/lua-5.3.3/src/lstate.c */,
				30FFD9861C0E48B1A73037E6 /* /Users/tianye/home/workdir/vi3d/3rd/lua-5.3.3/src/lstring.c */,
				FA97E0F569044F6AA0A3ED03 /* /Users/tianye/home/workdir/vi3d/3rd/lua-5.3.3/src/lstrlib.c */,
				96AD9E43021B47B489E8215D /* /Users/tianye/home/workdir/vi3d/3rd/lua-5.3.3/src/ltable.c */,
				FD6F4004FE0F477C9DFD1EFE /* /Users/tianye/home/workdir/vi3d/3rd/lua-5.3.3/src/ltablib.c */,
				B32881908C3849C6A7CAAAFE /* /Users/tianye/home/workdir/vi3d/3rd/lua-5.3.3/src/ltm.c */,
				D7F621677FD942BD97708373 /* /Users/tianye/home/workdir/vi3d/3rd/lua-5.3.3/src/lundump.c */,
				8BB0A44952D145F7AB9D1321 /* /Users/tianye/home/workdir/vi3d/3rd/lua-5.3.3/src/lutf8lib.c */,
				52587415C6A749BDB550467E /* /Users/tianye/home/workdir/vi3d/3rd/lua-5.3.3/src/lvm.c */,
				94B63284EE804DD680C508F2 /* /Users/tianye/home/workdir/vi3d/3rd/lua-5.3.3/src/lzio.c */,
			);
			runOnlyForDeploymentPostprocessing = 0;
		};
/* End PBXSourcesBuildPhase section */

/* Begin PBXTargetDependency section */
		5FA5AE51AED541ECBEE07467 /* PBXTargetDependency */ = {
			isa = PBXTargetDependency;
			target = C0222825E204482D9E7300DD /* ZERO_CHECK */;
			targetProxy = 6453A0001166467BB2B5FC05 /* PBXContainerItemProxy */;
		};
		86A64987240843A0ACF1224F /* PBXTargetDependency */ = {
			isa = PBXTargetDependency;
			target = 107D21D97DD94671A7B45F65 /* lua */;
			targetProxy = 8B3EC8E32F634517901E8C7F /* PBXContainerItemProxy */;
		};
		8C3282BD28DE4C1F9195C4DE /* PBXTargetDependency */ = {
			isa = PBXTargetDependency;
			target = C0222825E204482D9E7300DD /* ZERO_CHECK */;
			targetProxy = 84BC4E44F752409CA5FCCAAE /* PBXContainerItemProxy */;
		};
/* End PBXTargetDependency section */

/* Begin XCBuildConfiguration section */
		04521813382046679A61800D /* Debug */ = {
			isa = XCBuildConfiguration;
			buildSettings = {
				COMBINE_HIDPI_IMAGES = YES;
				GCC_GENERATE_DEBUGGING_SYMBOLS = YES;
				GCC_INLINES_ARE_PRIVATE_EXTERN = NO;
				GCC_OPTIMIZATION_LEVEL = 0;
				GCC_PREPROCESSOR_DEFINITIONS = ("'CMAKE_INTDIR=\"$(CONFIGURATION)$(EFFECTIVE_PLATFORM_NAME)\"'");
				GCC_SYMBOLS_PRIVATE_EXTERN = NO;
				HEADER_SEARCH_PATHS = ("/Users/tianye/home/workdir/vi3d/3rd/lua-5.3.3/src","/Users/tianye/home/workdir/vi3d/3rd/lua-5.3.3","/Users/tianye/home/workdir/vi3d/3rd/lua-5.3.3/build2");
				INSTALL_PATH = "";
				OTHER_LDFLAGS = " ";
				OTHER_REZFLAGS = "";
				PRODUCT_NAME = ZERO_CHECK;
				SECTORDER_FLAGS = "";
				SYMROOT = "/Users/tianye/home/workdir/vi3d/3rd/lua-5.3.3/build2";
				USE_HEADERMAP = NO;
				WARNING_CFLAGS = ("-Wmost","-Wno-four-char-constants","-Wno-unknown-pragmas","$(inherited)");
			};
			name = Debug;
		};
		18AE4C1B73AC477A9ACC90E5 /* MinSizeRel */ = {
			isa = XCBuildConfiguration;
			buildSettings = {
				ARCHS = "$(ARCHS_STANDARD)";
				CODE_SIGN_IDENTITY = "iPhone Developer";
				SDKROOT = /Applications/Xcode.app/Contents/Developer/Platforms/iPhoneSimulator.platform/Developer/SDKs/iPhoneSimulator10.3.sdk;
				SYMROOT = "/Users/tianye/home/workdir/vi3d/3rd/lua-5.3.3/build2/build";
				TARGETED_DEVICE_FAMILY = "1,2";
			};
			name = MinSizeRel;
		};
		1B6E64AE02BB4BD19FCD2512 /* MinSizeRel */ = {
			isa = XCBuildConfiguration;
			buildSettings = {
				COMBINE_HIDPI_IMAGES = YES;
				GCC_GENERATE_DEBUGGING_SYMBOLS = YES;
				GCC_INLINES_ARE_PRIVATE_EXTERN = NO;
				GCC_OPTIMIZATION_LEVEL = 0;
				GCC_PREPROCESSOR_DEFINITIONS = ("'CMAKE_INTDIR=\"$(CONFIGURATION)$(EFFECTIVE_PLATFORM_NAME)\"'");
				GCC_SYMBOLS_PRIVATE_EXTERN = NO;
				HEADER_SEARCH_PATHS = ("/Users/tianye/home/workdir/vi3d/3rd/lua-5.3.3/src","/Users/tianye/home/workdir/vi3d/3rd/lua-5.3.3","/Users/tianye/home/workdir/vi3d/3rd/lua-5.3.3/build2");
				INSTALL_PATH = "";
				OTHER_LDFLAGS = " ";
				OTHER_REZFLAGS = "";
				PRODUCT_NAME = ALL_BUILD;
				SECTORDER_FLAGS = "";
				SYMROOT = "/Users/tianye/home/workdir/vi3d/3rd/lua-5.3.3/build2";
				USE_HEADERMAP = NO;
				WARNING_CFLAGS = ("-Wmost","-Wno-four-char-constants","-Wno-unknown-pragmas","$(inherited)");
			};
			name = MinSizeRel;
		};
		2363CFB5FEFD4A68B0B476B0 /* RelWithDebInfo */ = {
			isa = XCBuildConfiguration;
			buildSettings = {
				COMBINE_HIDPI_IMAGES = YES;
				GCC_GENERATE_DEBUGGING_SYMBOLS = YES;
				GCC_INLINES_ARE_PRIVATE_EXTERN = NO;
				GCC_OPTIMIZATION_LEVEL = 0;
				GCC_PREPROCESSOR_DEFINITIONS = ("'CMAKE_INTDIR=\"$(CONFIGURATION)$(EFFECTIVE_PLATFORM_NAME)\"'");
				GCC_SYMBOLS_PRIVATE_EXTERN = NO;
				HEADER_SEARCH_PATHS = ("/Users/tianye/home/workdir/vi3d/3rd/lua-5.3.3/src","/Users/tianye/home/workdir/vi3d/3rd/lua-5.3.3","/Users/tianye/home/workdir/vi3d/3rd/lua-5.3.3/build2");
				INSTALL_PATH = "";
				OTHER_LDFLAGS = " ";
				OTHER_REZFLAGS = "";
				PRODUCT_NAME = ALL_BUILD;
				SECTORDER_FLAGS = "";
				SYMROOT = "/Users/tianye/home/workdir/vi3d/3rd/lua-5.3.3/build2";
				USE_HEADERMAP = NO;
				WARNING_CFLAGS = ("-Wmost","-Wno-four-char-constants","-Wno-unknown-pragmas","$(inherited)");
			};
			name = RelWithDebInfo;
		};
		2B3CCCB2289D40EDBA7C8D81 /* MinSizeRel */ = {
			isa = XCBuildConfiguration;
			buildSettings = {
				ARCHS = "$(ARCHS_STANDARD)";
				COMBINE_HIDPI_IMAGES = YES;
				EXECUTABLE_PREFIX = lib;
				EXECUTABLE_SUFFIX = .a;
				GCC_GENERATE_DEBUGGING_SYMBOLS = NO;
				GCC_INLINES_ARE_PRIVATE_EXTERN = NO;
				GCC_OPTIMIZATION_LEVEL = s;
				GCC_PREPROCESSOR_DEFINITIONS = ("'CMAKE_INTDIR=\"$(CONFIGURATION)$(EFFECTIVE_PLATFORM_NAME)\"'",LUA_USE_POSIX);
				GCC_SYMBOLS_PRIVATE_EXTERN = NO;
				HEADER_SEARCH_PATHS = ("/Users/tianye/home/workdir/vi3d/3rd/lua-5.3.3/src","/Users/tianye/home/workdir/vi3d/3rd/lua-5.3.3","/Users/tianye/home/workdir/vi3d/3rd/lua-5.3.3/build2");
				INSTALL_PATH = "";
				LIBRARY_STYLE = STATIC;
				ONLY_ACTIVE_ARCH = NO;
				OTHER_CFLAGS = "    -DNDEBUG '-std=gnu99' -I/Users/tianye/home/workdir/vi3d/3rd/lua-5.3.3/src -I/Users/tianye/home/workdir/vi3d/3rd/lua-5.3.3 -I/Users/tianye/home/workdir/vi3d/3rd/lua-5.3.3/build2   ";
				OTHER_LIBTOOLFLAGS = " ";
				OTHER_REZFLAGS = "";
				PRODUCT_NAME = lua;
				SECTORDER_FLAGS = "";
				SYMROOT = "/Users/tianye/home/workdir/vi3d/3rd/lua-5.3.3/build2";
				USE_HEADERMAP = NO;
				WARNING_CFLAGS = ("-Wmost","-Wno-four-char-constants","-Wno-unknown-pragmas","$(inherited)");
			};
			name = MinSizeRel;
		};
		37ABB34776644B408788347A /* Release */ = {
			isa = XCBuildConfiguration;
			buildSettings = {
				COMBINE_HIDPI_IMAGES = YES;
				GCC_GENERATE_DEBUGGING_SYMBOLS = YES;
				GCC_INLINES_ARE_PRIVATE_EXTERN = NO;
				GCC_OPTIMIZATION_LEVEL = 0;
				GCC_PREPROCESSOR_DEFINITIONS = ("'CMAKE_INTDIR=\"$(CONFIGURATION)$(EFFECTIVE_PLATFORM_NAME)\"'");
				GCC_SYMBOLS_PRIVATE_EXTERN = NO;
				HEADER_SEARCH_PATHS = ("/Users/tianye/home/workdir/vi3d/3rd/lua-5.3.3/src","/Users/tianye/home/workdir/vi3d/3rd/lua-5.3.3","/Users/tianye/home/workdir/vi3d/3rd/lua-5.3.3/build2");
				INSTALL_PATH = "";
				OTHER_LDFLAGS = " ";
				OTHER_REZFLAGS = "";
				PRODUCT_NAME = ALL_BUILD;
				SECTORDER_FLAGS = "";
				SYMROOT = "/Users/tianye/home/workdir/vi3d/3rd/lua-5.3.3/build2";
				USE_HEADERMAP = NO;
				WARNING_CFLAGS = ("-Wmost","-Wno-four-char-constants","-Wno-unknown-pragmas","$(inherited)");
			};
			name = Release;
		};
		4893778A8DC049F286E7CD30 /* Debug */ = {
			isa = XCBuildConfiguration;
			buildSettings = {
				ARCHS = "$(ARCHS_STANDARD)";
				COMBINE_HIDPI_IMAGES = YES;
				EXECUTABLE_PREFIX = lib;
				EXECUTABLE_SUFFIX = .a;
				GCC_GENERATE_DEBUGGING_SYMBOLS = YES;
				GCC_INLINES_ARE_PRIVATE_EXTERN = NO;
				GCC_OPTIMIZATION_LEVEL = 0;
				GCC_PREPROCESSOR_DEFINITIONS = ("'CMAKE_INTDIR=\"$(CONFIGURATION)$(EFFECTIVE_PLATFORM_NAME)\"'",LUA_USE_POSIX);
				GCC_SYMBOLS_PRIVATE_EXTERN = NO;
				HEADER_SEARCH_PATHS = ("/Users/tianye/home/workdir/vi3d/3rd/lua-5.3.3/src","/Users/tianye/home/workdir/vi3d/3rd/lua-5.3.3","/Users/tianye/home/workdir/vi3d/3rd/lua-5.3.3/build2");
				INSTALL_PATH = "";
				LIBRARY_STYLE = STATIC;
				ONLY_ACTIVE_ARCH = NO;
				OTHER_CFLAGS = "   '-std=gnu99' -I/Users/tianye/home/workdir/vi3d/3rd/lua-5.3.3/src -I/Users/tianye/home/workdir/vi3d/3rd/lua-5.3.3 -I/Users/tianye/home/workdir/vi3d/3rd/lua-5.3.3/build2   ";
				OTHER_LIBTOOLFLAGS = " ";
				OTHER_REZFLAGS = "";
				PRODUCT_NAME = lua;
				SECTORDER_FLAGS = "";
				SYMROOT = "/Users/tianye/home/workdir/vi3d/3rd/lua-5.3.3/build2";
				USE_HEADERMAP = NO;
				WARNING_CFLAGS = ("-Wmost","-Wno-four-char-constants","-Wno-unknown-pragmas","$(inherited)");
			};
			name = Debug;
		};
		51EBD4EF17C54E138B240758 /* MinSizeRel */ = {
			isa = XCBuildConfiguration;
			buildSettings = {
				COMBINE_HIDPI_IMAGES = YES;
				GCC_GENERATE_DEBUGGING_SYMBOLS = YES;
				GCC_INLINES_ARE_PRIVATE_EXTERN = NO;
				GCC_OPTIMIZATION_LEVEL = 0;
				GCC_PREPROCESSOR_DEFINITIONS = ("'CMAKE_INTDIR=\"$(CONFIGURATION)$(EFFECTIVE_PLATFORM_NAME)\"'");
				GCC_SYMBOLS_PRIVATE_EXTERN = NO;
				HEADER_SEARCH_PATHS = ("/Users/tianye/home/workdir/vi3d/3rd/lua-5.3.3/src","/Users/tianye/home/workdir/vi3d/3rd/lua-5.3.3","/Users/tianye/home/workdir/vi3d/3rd/lua-5.3.3/build2");
				INSTALL_PATH = "";
				OTHER_LDFLAGS = " ";
				OTHER_REZFLAGS = "";
				PRODUCT_NAME = ZERO_CHECK;
				SECTORDER_FLAGS = "";
				SYMROOT = "/Users/tianye/home/workdir/vi3d/3rd/lua-5.3.3/build2";
				USE_HEADERMAP = NO;
				WARNING_CFLAGS = ("-Wmost","-Wno-four-char-constants","-Wno-unknown-pragmas","$(inherited)");
			};
			name = MinSizeRel;
		};
		55346E5F118E469A8AB2DA16 /* Release */ = {
			isa = XCBuildConfiguration;
			buildSettings = {
				ARCHS = "$(ARCHS_STANDARD)";
				COMBINE_HIDPI_IMAGES = YES;
				EXECUTABLE_PREFIX = lib;
				EXECUTABLE_SUFFIX = .a;
				GCC_GENERATE_DEBUGGING_SYMBOLS = NO;
				GCC_INLINES_ARE_PRIVATE_EXTERN = NO;
				GCC_OPTIMIZATION_LEVEL = 3;
				GCC_PREPROCESSOR_DEFINITIONS = ("'CMAKE_INTDIR=\"$(CONFIGURATION)$(EFFECTIVE_PLATFORM_NAME)\"'",LUA_USE_POSIX);
				GCC_SYMBOLS_PRIVATE_EXTERN = NO;
				HEADER_SEARCH_PATHS = ("/Users/tianye/home/workdir/vi3d/3rd/lua-5.3.3/src","/Users/tianye/home/workdir/vi3d/3rd/lua-5.3.3","/Users/tianye/home/workdir/vi3d/3rd/lua-5.3.3/build2");
				INSTALL_PATH = "";
				LIBRARY_STYLE = STATIC;
				ONLY_ACTIVE_ARCH = NO;
				OTHER_CFLAGS = "    -DNDEBUG '-std=gnu99' -I/Users/tianye/home/workdir/vi3d/3rd/lua-5.3.3/src -I/Users/tianye/home/workdir/vi3d/3rd/lua-5.3.3 -I/Users/tianye/home/workdir/vi3d/3rd/lua-5.3.3/build2   ";
				OTHER_LIBTOOLFLAGS = " ";
				OTHER_REZFLAGS = "";
				PRODUCT_NAME = lua;
				SECTORDER_FLAGS = "";
				SYMROOT = "/Users/tianye/home/workdir/vi3d/3rd/lua-5.3.3/build2";
				USE_HEADERMAP = NO;
				WARNING_CFLAGS = ("-Wmost","-Wno-four-char-constants","-Wno-unknown-pragmas","$(inherited)");
			};
			name = Release;
		};
		6C3B613A10EB4B5DAAD18C21 /* Debug */ = {
			isa = XCBuildConfiguration;
			buildSettings = {
				COMBINE_HIDPI_IMAGES = YES;
				GCC_GENERATE_DEBUGGING_SYMBOLS = YES;
				GCC_INLINES_ARE_PRIVATE_EXTERN = NO;
				GCC_OPTIMIZATION_LEVEL = 0;
				GCC_PREPROCESSOR_DEFINITIONS = ("'CMAKE_INTDIR=\"$(CONFIGURATION)$(EFFECTIVE_PLATFORM_NAME)\"'");
				GCC_SYMBOLS_PRIVATE_EXTERN = NO;
				HEADER_SEARCH_PATHS = ("/Users/tianye/home/workdir/vi3d/3rd/lua-5.3.3/src","/Users/tianye/home/workdir/vi3d/3rd/lua-5.3.3","/Users/tianye/home/workdir/vi3d/3rd/lua-5.3.3/build2");
				INSTALL_PATH = "";
				OTHER_LDFLAGS = " ";
				OTHER_REZFLAGS = "";
				PRODUCT_NAME = ALL_BUILD;
				SECTORDER_FLAGS = "";
				SYMROOT = "/Users/tianye/home/workdir/vi3d/3rd/lua-5.3.3/build2";
				USE_HEADERMAP = NO;
				WARNING_CFLAGS = ("-Wmost","-Wno-four-char-constants","-Wno-unknown-pragmas","$(inherited)");
			};
			name = Debug;
		};
		7F2BF75835C549E083E308F0 /* Release */ = {
			isa = XCBuildConfiguration;
			buildSettings = {
				ARCHS = "$(ARCHS_STANDARD)";
				CODE_SIGN_IDENTITY = "iPhone Developer";
				SDKROOT = /Applications/Xcode.app/Contents/Developer/Platforms/iPhoneSimulator.platform/Developer/SDKs/iPhoneSimulator10.3.sdk;
				SYMROOT = "/Users/tianye/home/workdir/vi3d/3rd/lua-5.3.3/build2/build";
				TARGETED_DEVICE_FAMILY = "1,2";
			};
			name = Release;
		};
		9D60B229DA7B4C889D71DDF3 /* Release */ = {
			isa = XCBuildConfiguration;
			buildSettings = {
				COMBINE_HIDPI_IMAGES = YES;
				GCC_GENERATE_DEBUGGING_SYMBOLS = YES;
				GCC_INLINES_ARE_PRIVATE_EXTERN = NO;
				GCC_OPTIMIZATION_LEVEL = 0;
				GCC_PREPROCESSOR_DEFINITIONS = ("'CMAKE_INTDIR=\"$(CONFIGURATION)$(EFFECTIVE_PLATFORM_NAME)\"'");
				GCC_SYMBOLS_PRIVATE_EXTERN = NO;
				HEADER_SEARCH_PATHS = ("/Users/tianye/home/workdir/vi3d/3rd/lua-5.3.3/src","/Users/tianye/home/workdir/vi3d/3rd/lua-5.3.3","/Users/tianye/home/workdir/vi3d/3rd/lua-5.3.3/build2");
				INSTALL_PATH = "";
				OTHER_LDFLAGS = " ";
				OTHER_REZFLAGS = "";
				PRODUCT_NAME = ZERO_CHECK;
				SECTORDER_FLAGS = "";
				SYMROOT = "/Users/tianye/home/workdir/vi3d/3rd/lua-5.3.3/build2";
				USE_HEADERMAP = NO;
				WARNING_CFLAGS = ("-Wmost","-Wno-four-char-constants","-Wno-unknown-pragmas","$(inherited)");
			};
			name = Release;
		};
		C4119C7D03984D068C04AD84 /* RelWithDebInfo */ = {
			isa = XCBuildConfiguration;
			buildSettings = {
				COMBINE_HIDPI_IMAGES = YES;
				GCC_GENERATE_DEBUGGING_SYMBOLS = YES;
				GCC_INLINES_ARE_PRIVATE_EXTERN = NO;
				GCC_OPTIMIZATION_LEVEL = 0;
				GCC_PREPROCESSOR_DEFINITIONS = ("'CMAKE_INTDIR=\"$(CONFIGURATION)$(EFFECTIVE_PLATFORM_NAME)\"'");
				GCC_SYMBOLS_PRIVATE_EXTERN = NO;
				HEADER_SEARCH_PATHS = ("/Users/tianye/home/workdir/vi3d/3rd/lua-5.3.3/src","/Users/tianye/home/workdir/vi3d/3rd/lua-5.3.3","/Users/tianye/home/workdir/vi3d/3rd/lua-5.3.3/build2");
				INSTALL_PATH = "";
				OTHER_LDFLAGS = " ";
				OTHER_REZFLAGS = "";
				PRODUCT_NAME = ZERO_CHECK;
				SECTORDER_FLAGS = "";
				SYMROOT = "/Users/tianye/home/workdir/vi3d/3rd/lua-5.3.3/build2";
				USE_HEADERMAP = NO;
				WARNING_CFLAGS = ("-Wmost","-Wno-four-char-constants","-Wno-unknown-pragmas","$(inherited)");
			};
			name = RelWithDebInfo;
		};
		C8E752D1FE1B40D69545CCE4 /* Debug */ = {
			isa = XCBuildConfiguration;
			buildSettings = {
				ARCHS = "$(ARCHS_STANDARD)";
				CODE_SIGN_IDENTITY = "iPhone Developer";
				SDKROOT = /Applications/Xcode.app/Contents/Developer/Platforms/iPhoneSimulator.platform/Developer/SDKs/iPhoneSimulator10.3.sdk;
				SYMROOT = "/Users/tianye/home/workdir/vi3d/3rd/lua-5.3.3/build2/build";
				TARGETED_DEVICE_FAMILY = "1,2";
			};
			name = Debug;
		};
		CB5A3677C5F14E74BE17E7FF /* RelWithDebInfo */ = {
			isa = XCBuildConfiguration;
			buildSettings = {
				ARCHS = "$(ARCHS_STANDARD)";
				COMBINE_HIDPI_IMAGES = YES;
				EXECUTABLE_PREFIX = lib;
				EXECUTABLE_SUFFIX = .a;
				GCC_GENERATE_DEBUGGING_SYMBOLS = YES;
				GCC_INLINES_ARE_PRIVATE_EXTERN = NO;
				GCC_OPTIMIZATION_LEVEL = 2;
				GCC_PREPROCESSOR_DEFINITIONS = ("'CMAKE_INTDIR=\"$(CONFIGURATION)$(EFFECTIVE_PLATFORM_NAME)\"'",LUA_USE_POSIX);
				GCC_SYMBOLS_PRIVATE_EXTERN = NO;
				HEADER_SEARCH_PATHS = ("/Users/tianye/home/workdir/vi3d/3rd/lua-5.3.3/src","/Users/tianye/home/workdir/vi3d/3rd/lua-5.3.3","/Users/tianye/home/workdir/vi3d/3rd/lua-5.3.3/build2");
				INSTALL_PATH = "";
				LIBRARY_STYLE = STATIC;
				ONLY_ACTIVE_ARCH = NO;
				OTHER_CFLAGS = "       -DNDEBUG '-std=gnu99' -I/Users/tianye/home/workdir/vi3d/3rd/lua-5.3.3/src -I/Users/tianye/home/workdir/vi3d/3rd/lua-5.3.3 -I/Users/tianye/home/workdir/vi3d/3rd/lua-5.3.3/build2   ";
				OTHER_LIBTOOLFLAGS = " ";
				OTHER_REZFLAGS = "";
				PRODUCT_NAME = lua;
				SECTORDER_FLAGS = "";
				SYMROOT = "/Users/tianye/home/workdir/vi3d/3rd/lua-5.3.3/build2";
				USE_HEADERMAP = NO;
				WARNING_CFLAGS = ("-Wmost","-Wno-four-char-constants","-Wno-unknown-pragmas","$(inherited)");
			};
			name = RelWithDebInfo;
		};
		DE097EE4F7BF47C3BEEDF867 /* RelWithDebInfo */ = {
			isa = XCBuildConfiguration;
			buildSettings = {
				ARCHS = "$(ARCHS_STANDARD)";
				CODE_SIGN_IDENTITY = "iPhone Developer";
				SDKROOT = /Applications/Xcode.app/Contents/Developer/Platforms/iPhoneSimulator.platform/Developer/SDKs/iPhoneSimulator10.3.sdk;
				SYMROOT = "/Users/tianye/home/workdir/vi3d/3rd/lua-5.3.3/build2/build";
				TARGETED_DEVICE_FAMILY = "1,2";
			};
			name = RelWithDebInfo;
		};
/* End XCBuildConfiguration section */

/* Begin XCConfigurationList section */
		353CBD96E1A545F6BCDD34F8 /* Build configuration list for PBXProject "lua" */ = {
			isa = XCConfigurationList;
			buildConfigurations = (
				C8E752D1FE1B40D69545CCE4 /* Debug */,
				7F2BF75835C549E083E308F0 /* Release */,
				18AE4C1B73AC477A9ACC90E5 /* MinSizeRel */,
				DE097EE4F7BF47C3BEEDF867 /* RelWithDebInfo */,
			);
			defaultConfigurationIsVisible = 0;
			defaultConfigurationName = Debug;
		};
		5EEBDBFC42D24031A68C9B83 /* Build configuration list for PBXNativeTarget "lua" */ = {
			isa = XCConfigurationList;
			buildConfigurations = (
				4893778A8DC049F286E7CD30 /* Debug */,
				55346E5F118E469A8AB2DA16 /* Release */,
				2B3CCCB2289D40EDBA7C8D81 /* MinSizeRel */,
				CB5A3677C5F14E74BE17E7FF /* RelWithDebInfo */,
			);
			defaultConfigurationIsVisible = 0;
			defaultConfigurationName = Debug;
		};
		B213897B60444B3FA4CD3033 /* Build configuration list for PBXAggregateTarget "ALL_BUILD" */ = {
			isa = XCConfigurationList;
			buildConfigurations = (
				6C3B613A10EB4B5DAAD18C21 /* Debug */,
				37ABB34776644B408788347A /* Release */,
				1B6E64AE02BB4BD19FCD2512 /* MinSizeRel */,
				2363CFB5FEFD4A68B0B476B0 /* RelWithDebInfo */,
			);
			defaultConfigurationIsVisible = 0;
			defaultConfigurationName = Debug;
		};
		C9DBFFA74AE947C8B005D9F4 /* Build configuration list for PBXAggregateTarget "ZERO_CHECK" */ = {
			isa = XCConfigurationList;
			buildConfigurations = (
				04521813382046679A61800D /* Debug */,
				9D60B229DA7B4C889D71DDF3 /* Release */,
				51EBD4EF17C54E138B240758 /* MinSizeRel */,
				C4119C7D03984D068C04AD84 /* RelWithDebInfo */,
			);
			defaultConfigurationIsVisible = 0;
			defaultConfigurationName = Debug;
		};
/* End XCConfigurationList section */
	};
	rootObject = 4B783EE1891D4C159B7B73FE /* Project object */;
}
