// !$*UTF8*$!
{
	archiveVersion = 1;
	classes = {
	};
	objectVersion = 46;
	objects = {

/* Begin PBXBuildFile section */
		1DE466C21EA9EFFF007B3AE7 /* main.m in Sources */ = {isa = PBXBuildFile; fileRef = 1DE466C11EA9EFFF007B3AE7 /* main.m */; };
		1DE466C51EA9EFFF007B3AE7 /* AppDelegate.m in Sources */ = {isa = PBXBuildFile; fileRef = 1DE466C41EA9EFFF007B3AE7 /* AppDelegate.m */; };
		1DE466CD1EA9EFFF007B3AE7 /* Assets.xcassets in Resources */ = {isa = PBXBuildFile; fileRef = 1DE466CC1EA9EFFF007B3AE7 /* Assets.xcassets */; };
/* End PBXBuildFile section */

/* Begin PBXFileReference section */
		1DE466BD1EA9EFFF007B3AE7 /* vi3d.app */ = {isa = PBXFileReference; explicitFileType = wrapper.application; includeInIndex = 0; path = vi3d.app; sourceTree = BUILT_PRODUCTS_DIR; };
		1DE466C11EA9EFFF007B3AE7 /* main.m */ = {isa = PBXFileReference; lastKnownFileType = sourcecode.c.objc; path = main.m; sourceTree = "<group>"; };
		1DE466C31EA9EFFF007B3AE7 /* AppDelegate.h */ = {isa = PBXFileReference; lastKnownFileType = sourcecode.c.h; path = AppDelegate.h; sourceTree = "<group>"; };
		1DE466C41EA9EFFF007B3AE7 /* AppDelegate.m */ = {isa = PBXFileReference; lastKnownFileType = sourcecode.c.objc; path = AppDelegate.m; sourceTree = "<group>"; };
		1DE466CC1EA9EFFF007B3AE7 /* Assets.xcassets */ = {isa = PBXFileReference; lastKnownFileType = folder.assetcatalog; path = Assets.xcassets; sourceTree = "<group>"; };
		1DE466D11EA9EFFF007B3AE7 /* Info.plist */ = {isa = PBXFileReference; lastKnownFileType = text.plist.xml; path = Info.plist; sourceTree = "<group>"; };
/* End PBXFileReference section */

/* Begin PBXFrameworksBuildPhase section */
		1DE466BA1EA9EFFF007B3AE7 /* Frameworks */ = {
			isa = PBXFrameworksBuildPhase;
			buildActionMask = 2147483647;
			files = (
			);
			runOnlyForDeploymentPostprocessing = 0;
		};
/* End PBXFrameworksBuildPhase section */

/* Begin PBXGroup section */
		1DE466B41EA9EFFF007B3AE7 = {
			isa = PBXGroup;
			children = (
				1DE466BF1EA9EFFF007B3AE7 /* vi3d */,
				1DE466BE1EA9EFFF007B3AE7 /* Products */,
			);
			sourceTree = "<group>";
		};
		1DE466BE1EA9EFFF007B3AE7 /* Products */ = {
			isa = PBXGroup;
			children = (
				1DE466BD1EA9EFFF007B3AE7 /* vi3d.app */,
			);
			name = Products;
			sourceTree = "<group>";
		};
		1DE466BF1EA9EFFF007B3AE7 /* vi3d */ = {
			isa = PBXGroup;
			children = (
				1DE466C11EA9EFFF007B3AE7 /* main.m */,
				1DE466C31EA9EFFF007B3AE7 /* AppDelegate.h */,
				1DE466C41EA9EFFF007B3AE7 /* AppDelegate.m */,
				1DE466CC1EA9EFFF007B3AE7 /* Assets.xcassets */,
				1DE466D11EA9EFFF007B3AE7 /* Info.plist */,
			);
			path = vi3d;
			sourceTree = "<group>";
		};
/* End PBXGroup section */

/* Begin PBXNativeTarget section */
		1DE466BC1EA9EFFF007B3AE7 /* vi3d */ = {
			isa = PBXNativeTarget;
			buildConfigurationList = 1DE466D41EA9EFFF007B3AE7 /* Build configuration list for PBXNativeTarget "vi3d" */;
			buildPhases = (
				1DE466B91EA9EFFF007B3AE7 /* Sources */,
				1DE466BA1EA9EFFF007B3AE7 /* Frameworks */,
				1DE466BB1EA9EFFF007B3AE7 /* Resources */,
			);
			buildRules = (
			);
			dependencies = (
			);
			name = vi3d;
			productName = vi3d;
			productReference = 1DE466BD1EA9EFFF007B3AE7 /* vi3d.app */;
			productType = "com.apple.product-type.application";
		};
/* End PBXNativeTarget section */

/* Begin PBXProject section */
		1DE466B51EA9EFFF007B3AE7 /* Project object */ = {
			isa = PBXProject;
			attributes = {
				LastUpgradeCheck = 0830;
				ORGANIZATIONNAME = viware;
				TargetAttributes = {
					1DE466BC1EA9EFFF007B3AE7 = {
						CreatedOnToolsVersion = 8.3.2;
						DevelopmentTeam = 59L3B76TR9;
						ProvisioningStyle = Automatic;
					};
				};
			};
			buildConfigurationList = 1DE466B81EA9EFFF007B3AE7 /* Build configuration list for PBXProject "vi3d" */;
			compatibilityVersion = "Xcode 3.2";
			developmentRegion = English;
			hasScannedForEncodings = 0;
			knownRegions = (
				en,
				Base,
			);
			mainGroup = 1DE466B41EA9EFFF007B3AE7;
			productRefGroup = 1DE466BE1EA9EFFF007B3AE7 /* Products */;
			projectDirPath = "";
			projectRoot = "";
			targets = (
				1DE466BC1EA9EFFF007B3AE7 /* vi3d */,
			);
		};
/* End PBXProject section */

/* Begin PBXResourcesBuildPhase section */
		1DE466BB1EA9EFFF007B3AE7 /* Resources */ = {
			isa = PBXResourcesBuildPhase;
			buildActionMask = 2147483647;
			files = (
				1DE466CD1EA9EFFF007B3AE7 /* Assets.xcassets in Resources */,
			);
			runOnlyForDeploymentPostprocessing = 0;
		};
/* End PBXResourcesBuildPhase section */

/* Begin PBXSourcesBuildPhase section */
		1DE466B91EA9EFFF007B3AE7 /* Sources */ = {
			isa = PBXSourcesBuildPhase;
			buildActionMask = 2147483647;
			files = (
				1DE466C51EA9EFFF007B3AE7 /* AppDelegate.m in Sources */,
				1DE466C21EA9EFFF007B3AE7 /* main.m in Sources */,
			);
			runOnlyForDeploymentPostprocessing = 0;
		};
/* End PBXSourcesBuildPhase section */

/* Begin XCBuildConfiguration section */
		1DE466D21EA9EFFF007B3AE7 /* Debug */ = {
			isa = XCBuildConfiguration;
			buildSettings = {
				ALWAYS_SEARCH_USER_PATHS = NO;
				CLANG_ANALYZER_NONNULL = YES;
				CLANG_ANALYZER_NUMBER_OBJECT_CONVERSION = YES_AGGRESSIVE;
				CLANG_CXX_LANGUAGE_STANDARD = "gnu++0x";
				CLANG_CXX_LIBRARY = "libc++";
				CLANG_ENABLE_MODULES = YES;
				CLANG_ENABLE_OBJC_ARC = YES;
				CLANG_WARN_BOOL_CONVERSION = YES;
				CLANG_WARN_CONSTANT_CONVERSION = YES;
				CLANG_WARN_DIRECT_OBJC_ISA_USAGE = YES_ERROR;
				CLANG_WARN_DOCUMENTATION_COMMENTS = YES;
				CLANG_WARN_EMPTY_BODY = YES;
				CLANG_WARN_ENUM_CONVERSION = YES;
				CLANG_WARN_INFINITE_RECURSION = YES;
				CLANG_WARN_INT_CONVERSION = YES;
				CLANG_WARN_OBJC_ROOT_CLASS = YES_ERROR;
				CLANG_WARN_SUSPICIOUS_MOVE = YES;
				CLANG_WARN_UNREACHABLE_CODE = YES;
				CLANG_WARN__DUPLICATE_METHOD_MATCH = YES;
				"CODE_SIGN_IDENTITY[sdk=iphoneos*]" = "iPhone Developer";
				COPY_PHASE_STRIP = NO;
				DEBUG_INFORMATION_FORMAT = dwarf;
				ENABLE_STRICT_OBJC_MSGSEND = YES;
				ENABLE_TESTABILITY = YES;
				GCC_C_LANGUAGE_STANDARD = gnu99;
				GCC_DYNAMIC_NO_PIC = NO;
				GCC_NO_COMMON_BLOCKS = YES;
				GCC_OPTIMIZATION_LEVEL = 0;
				GCC_PREPROCESSOR_DEFINITIONS = (
					"DEBUG=1",
					"$(inherited)",
				);
				GCC_WARN_64_TO_32_BIT_CONVERSION = YES;
				GCC_WARN_ABOUT_RETURN_TYPE = YES_ERROR;
				GCC_WARN_UNDECLARED_SELECTOR = YES;
				GCC_WARN_UNINITIALIZED_AUTOS = YES_AGGRESSIVE;
				GCC_WARN_UNUSED_FUNCTION = YES;
				GCC_WARN_UNUSED_VARIABLE = YES;
				IPHONEOS_DEPLOYMENT_TARGET = 10.3;
				MTL_ENABLE_DEBUG_INFO = YES;
				ONLY_ACTIVE_ARCH = YES;
				SDKROOT = iphoneos;
				TARGETED_DEVICE_FAMILY = "1,2";
			};
			name = Debug;
		};
		1DE466D31EA9EFFF007B3AE7 /* Release */ = {
			isa = XCBuildConfiguration;
			buildSettings = {
				ALWAYS_SEARCH_USER_PATHS = NO;
				CLANG_ANALYZER_NONNULL = YES;
				CLANG_ANALYZER_NUMBER_OBJECT_CONVERSION = YES_AGGRESSIVE;
				CLANG_CXX_LANGUAGE_STANDARD = "gnu++0x";
				CLANG_CXX_LIBRARY = "libc++";
				CLANG_ENABLE_MODULES = YES;
				CLANG_ENABLE_OBJC_ARC = YES;
				CLANG_WARN_BOOL_CONVERSION = YES;
				CLANG_WARN_CONSTANT_CONVERSION = YES;
				CLANG_WARN_DIRECT_OBJC_ISA_USAGE = YES_ERROR;
				CLANG_WARN_DOCUMENTATION_COMMENTS = YES;
				CLANG_WARN_EMPTY_BODY = YES;
				CLANG_WARN_ENUM_CONVERSION = YES;
				CLANG_WARN_INFINITE_RECURSION = YES;
				CLANG_WARN_INT_CONVERSION = YES;
				CLANG_WARN_OBJC_ROOT_CLASS = YES_ERROR;
				CLANG_WARN_SUSPICIOUS_MOVE = YES;
				CLANG_WARN_UNREACHABLE_CODE = YES;
				CLANG_WARN__DUPLICATE_METHOD_MATCH = YES;
				"CODE_SIGN_IDENTITY[sdk=iphoneos*]" = "iPhone Developer";
				COPY_PHASE_STRIP = NO;
				DEBUG_INFORMATION_FORMAT = "dwarf-with-dsym";
				ENABLE_NS_ASSERTIONS = NO;
				ENABLE_STRICT_OBJC_MSGSEND = YES;
				GCC_C_LANGUAGE_STANDARD = gnu99;
				GCC_NO_COMMON_BLOCKS = YES;
				GCC_WARN_64_TO_32_BIT_CONVERSION = YES;
				GCC_WARN_ABOUT_RETURN_TYPE = YES_ERROR;
				GCC_WARN_UNDECLARED_SELECTOR = YES;
				GCC_WARN_UNINITIALIZED_AUTOS = YES_AGGRESSIVE;
				GCC_WARN_UNUSED_FUNCTION = YES;
				GCC_WARN_UNUSED_VARIABLE = YES;
				IPHONEOS_DEPLOYMENT_TARGET = 10.3;
				MTL_ENABLE_DEBUG_INFO = NO;
				SDKROOT = iphoneos;
				TARGETED_DEVICE_FAMILY = "1,2";
				VALIDATE_PRODUCT = YES;
			};
			name = Release;
		};
		1DE466D51EA9EFFF007B3AE7 /* Debug */ = {
			isa = XCBuildConfiguration;
			buildSettings = {
				ASSETCATALOG_COMPILER_APPICON_NAME = AppIcon;
				"CODE_SIGN_IDENTITY[sdk=iphoneos*]" = "iPhone Developer";
				DEVELOPMENT_TEAM = 59L3B76TR9;
				INFOPLIST_FILE = vi3d/Info.plist;
				LD_RUNPATH_SEARCH_PATHS = "$(inherited) @executable_path/Frameworks";
				PRODUCT_BUNDLE_IDENTIFIER = cn.viware.vi3d;
				PRODUCT_NAME = "$(TARGET_NAME)";
				PROVISIONING_PROFILE_SPECIFIER = "";
			};
			name = Debug;
		};
		1DE466D61EA9EFFF007B3AE7 /* Release */ = {
			isa = XCBuildConfiguration;
			buildSettings = {
				ASSETCATALOG_COMPILER_APPICON_NAME = AppIcon;
				"CODE_SIGN_IDENTITY[sdk=iphoneos*]" = "iPhone Developer";
				DEVELOPMENT_TEAM = 59L3B76TR9;
				INFOPLIST_FILE = vi3d/Info.plist;
				LD_RUNPATH_SEARCH_PATHS = "$(inherited) @executable_path/Frameworks";
				PRODUCT_BUNDLE_IDENTIFIER = cn.viware.vi3d;
				PRODUCT_NAME = "$(TARGET_NAME)";
				PROVISIONING_PROFILE_SPECIFIER = "";
			};
			name = Release;
		};
/* End XCBuildConfiguration section */

/* Begin XCConfigurationList section */
		1DE466B81EA9EFFF007B3AE7 /* Build configuration list for PBXProject "vi3d" */ = {
			isa = XCConfigurationList;
			buildConfigurations = (
				1DE466D21EA9EFFF007B3AE7 /* Debug */,
				1DE466D31EA9EFFF007B3AE7 /* Release */,
			);
			defaultConfigurationIsVisible = 0;
			defaultConfigurationName = Release;
		};
		1DE466D41EA9EFFF007B3AE7 /* Build configuration list for PBXNativeTarget "vi3d" */ = {
			isa = XCConfigurationList;
			buildConfigurations = (
				1DE466D51EA9EFFF007B3AE7 /* Debug */,
				1DE466D61EA9EFFF007B3AE7 /* Release */,
			);
			defaultConfigurationIsVisible = 0;
			defaultConfigurationName = Release;
		};
/* End XCConfigurationList section */
	};
	rootObject = 1DE466B51EA9EFFF007B3AE7 /* Project object */;
}
