// !$*UTF8*$!
{
	archiveVersion = 1;
	classes = {
	};
	objectVersion = 46;
	objects = {

/* Begin PBXBuildFile section */
		1D043AE61EB051DD003AD0BB /* ll_all.c in Sources */ = {isa = PBXBuildFile; fileRef = 1D043ACE1EB051DD003AD0BB /* ll_all.c */; };
		1D043AE71EB051DD003AD0BB /* ll_gles.c in Sources */ = {isa = PBXBuildFile; fileRef = 1D043AD01EB051DD003AD0BB /* ll_gles.c */; };
		1D043AE81EB051DD003AD0BB /* ll_vi3d.c in Sources */ = {isa = PBXBuildFile; fileRef = 1D043AD11EB051DD003AD0BB /* ll_vi3d.c */; };
		1D043AEA1EB051DD003AD0BB /* vi_app.c in Sources */ = {isa = PBXBuildFile; fileRef = 1D043AD41EB051DD003AD0BB /* vi_app.c */; };
		1D043AEB1EB051DD003AD0BB /* vi_file.c in Sources */ = {isa = PBXBuildFile; fileRef = 1D043AD61EB051DD003AD0BB /* vi_file.c */; };
		1D043AEC1EB051DD003AD0BB /* vi_log.c in Sources */ = {isa = PBXBuildFile; fileRef = 1D043AD81EB051DD003AD0BB /* vi_log.c */; };
		1D043AED1EB051DD003AD0BB /* vi_lua.c in Sources */ = {isa = PBXBuildFile; fileRef = 1D043ADA1EB051DD003AD0BB /* vi_lua.c */; };
		1D043AEE1EB051DD003AD0BB /* vi_math.c in Sources */ = {isa = PBXBuildFile; fileRef = 1D043ADC1EB051DD003AD0BB /* vi_math.c */; };
		1D043AEF1EB051DD003AD0BB /* vi_mem.c in Sources */ = {isa = PBXBuildFile; fileRef = 1D043ADE1EB051DD003AD0BB /* vi_mem.c */; };
		1D043AF01EB051DD003AD0BB /* vi_msg.c in Sources */ = {isa = PBXBuildFile; fileRef = 1D043AE01EB051DD003AD0BB /* vi_msg.c */; };
		1D043AF11EB051DD003AD0BB /* vi_sys.c in Sources */ = {isa = PBXBuildFile; fileRef = 1D043AE21EB051DD003AD0BB /* vi_sys.c */; };
		1D043AF21EB051DD003AD0BB /* vi3d.c in Sources */ = {isa = PBXBuildFile; fileRef = 1D043AE41EB051DD003AD0BB /* vi3d.c */; };
		1D043AFC1EB07506003AD0BB /* OpenGLES.framework in Frameworks */ = {isa = PBXBuildFile; fileRef = 1D043AFB1EB07506003AD0BB /* OpenGLES.framework */; };
		1DE466C21EA9EFFF007B3AE7 /* main.m in Sources */ = {isa = PBXBuildFile; fileRef = 1DE466C11EA9EFFF007B3AE7 /* main.m */; };
		1DE466CD1EA9EFFF007B3AE7 /* Assets.xcassets in Resources */ = {isa = PBXBuildFile; fileRef = 1DE466CC1EA9EFFF007B3AE7 /* Assets.xcassets */; };
/* End PBXBuildFile section */

/* Begin PBXFileReference section */
		1D043ACE1EB051DD003AD0BB /* ll_all.c */ = {isa = PBXFileReference; fileEncoding = 4; lastKnownFileType = sourcecode.c.c; name = ll_all.c; path = ../../ll_all.c; sourceTree = "<group>"; };
		1D043ACF1EB051DD003AD0BB /* ll_all.h */ = {isa = PBXFileReference; fileEncoding = 4; lastKnownFileType = sourcecode.c.h; name = ll_all.h; path = ../../ll_all.h; sourceTree = "<group>"; };
		1D043AD01EB051DD003AD0BB /* ll_gles.c */ = {isa = PBXFileReference; fileEncoding = 4; lastKnownFileType = sourcecode.c.c; name = ll_gles.c; path = ../../ll_gles.c; sourceTree = "<group>"; };
		1D043AD11EB051DD003AD0BB /* ll_vi3d.c */ = {isa = PBXFileReference; fileEncoding = 4; lastKnownFileType = sourcecode.c.c; name = ll_vi3d.c; path = ../../ll_vi3d.c; sourceTree = "<group>"; };
		1D043AD41EB051DD003AD0BB /* vi_app.c */ = {isa = PBXFileReference; fileEncoding = 4; lastKnownFileType = sourcecode.c.c; name = vi_app.c; path = ../../vi_app.c; sourceTree = "<group>"; };
		1D043AD51EB051DD003AD0BB /* vi_app.h */ = {isa = PBXFileReference; fileEncoding = 4; lastKnownFileType = sourcecode.c.h; name = vi_app.h; path = ../../vi_app.h; sourceTree = "<group>"; };
		1D043AD61EB051DD003AD0BB /* vi_file.c */ = {isa = PBXFileReference; fileEncoding = 4; lastKnownFileType = sourcecode.c.c; name = vi_file.c; path = ../../vi_file.c; sourceTree = "<group>"; };
		1D043AD71EB051DD003AD0BB /* vi_file.h */ = {isa = PBXFileReference; fileEncoding = 4; lastKnownFileType = sourcecode.c.h; name = vi_file.h; path = ../../vi_file.h; sourceTree = "<group>"; };
		1D043AD81EB051DD003AD0BB /* vi_log.c */ = {isa = PBXFileReference; fileEncoding = 4; lastKnownFileType = sourcecode.c.c; name = vi_log.c; path = ../../vi_log.c; sourceTree = "<group>"; };
		1D043AD91EB051DD003AD0BB /* vi_log.h */ = {isa = PBXFileReference; fileEncoding = 4; lastKnownFileType = sourcecode.c.h; name = vi_log.h; path = ../../vi_log.h; sourceTree = "<group>"; };
		1D043ADA1EB051DD003AD0BB /* vi_lua.c */ = {isa = PBXFileReference; fileEncoding = 4; lastKnownFileType = sourcecode.c.c; name = vi_lua.c; path = ../../vi_lua.c; sourceTree = "<group>"; };
		1D043ADB1EB051DD003AD0BB /* vi_lua.h */ = {isa = PBXFileReference; fileEncoding = 4; lastKnownFileType = sourcecode.c.h; name = vi_lua.h; path = ../../vi_lua.h; sourceTree = "<group>"; };
		1D043ADC1EB051DD003AD0BB /* vi_math.c */ = {isa = PBXFileReference; fileEncoding = 4; lastKnownFileType = sourcecode.c.c; name = vi_math.c; path = ../../vi_math.c; sourceTree = "<group>"; };
		1D043ADD1EB051DD003AD0BB /* vi_math.h */ = {isa = PBXFileReference; fileEncoding = 4; lastKnownFileType = sourcecode.c.h; name = vi_math.h; path = ../../vi_math.h; sourceTree = "<group>"; };
		1D043ADE1EB051DD003AD0BB /* vi_mem.c */ = {isa = PBXFileReference; fileEncoding = 4; lastKnownFileType = sourcecode.c.c; name = vi_mem.c; path = ../../vi_mem.c; sourceTree = "<group>"; };
		1D043ADF1EB051DD003AD0BB /* vi_mem.h */ = {isa = PBXFileReference; fileEncoding = 4; lastKnownFileType = sourcecode.c.h; name = vi_mem.h; path = ../../vi_mem.h; sourceTree = "<group>"; };
		1D043AE01EB051DD003AD0BB /* vi_msg.c */ = {isa = PBXFileReference; fileEncoding = 4; lastKnownFileType = sourcecode.c.c; name = vi_msg.c; path = ../../vi_msg.c; sourceTree = "<group>"; };
		1D043AE11EB051DD003AD0BB /* vi_msg.h */ = {isa = PBXFileReference; fileEncoding = 4; lastKnownFileType = sourcecode.c.h; name = vi_msg.h; path = ../../vi_msg.h; sourceTree = "<group>"; };
		1D043AE21EB051DD003AD0BB /* vi_sys.c */ = {isa = PBXFileReference; fileEncoding = 4; lastKnownFileType = sourcecode.c.c; name = vi_sys.c; path = ../../vi_sys.c; sourceTree = "<group>"; };
		1D043AE31EB051DD003AD0BB /* vi_sys.h */ = {isa = PBXFileReference; fileEncoding = 4; lastKnownFileType = sourcecode.c.h; name = vi_sys.h; path = ../../vi_sys.h; sourceTree = "<group>"; };
		1D043AE41EB051DD003AD0BB /* vi3d.c */ = {isa = PBXFileReference; fileEncoding = 4; lastKnownFileType = sourcecode.c.c; name = vi3d.c; path = ../../vi3d.c; sourceTree = "<group>"; };
		1D043AE51EB051DD003AD0BB /* vi3d.h */ = {isa = PBXFileReference; fileEncoding = 4; lastKnownFileType = sourcecode.c.h; name = vi3d.h; path = ../../vi3d.h; sourceTree = "<group>"; };
		1D043AF91EB0745F003AD0BB /* GLKit.framework */ = {isa = PBXFileReference; lastKnownFileType = wrapper.framework; name = GLKit.framework; path = System/Library/Frameworks/GLKit.framework; sourceTree = SDKROOT; };
		1D043AFB1EB07506003AD0BB /* OpenGLES.framework */ = {isa = PBXFileReference; lastKnownFileType = wrapper.framework; name = OpenGLES.framework; path = System/Library/Frameworks/OpenGLES.framework; sourceTree = SDKROOT; };
		1DE466BD1EA9EFFF007B3AE7 /* vi3d.app */ = {isa = PBXFileReference; explicitFileType = wrapper.application; includeInIndex = 0; path = vi3d.app; sourceTree = BUILT_PRODUCTS_DIR; };
		1DE466C11EA9EFFF007B3AE7 /* main.m */ = {isa = PBXFileReference; lastKnownFileType = sourcecode.c.objc; path = main.m; sourceTree = "<group>"; };
		1DE466CC1EA9EFFF007B3AE7 /* Assets.xcassets */ = {isa = PBXFileReference; lastKnownFileType = folder.assetcatalog; path = Assets.xcassets; sourceTree = "<group>"; };
		1DE466D11EA9EFFF007B3AE7 /* Info.plist */ = {isa = PBXFileReference; lastKnownFileType = text.plist.xml; path = Info.plist; sourceTree = "<group>"; };
/* End PBXFileReference section */

/* Begin PBXFrameworksBuildPhase section */
		1DE466BA1EA9EFFF007B3AE7 /* Frameworks */ = {
			isa = PBXFrameworksBuildPhase;
			buildActionMask = 2147483647;
			files = (
				1D043AFC1EB07506003AD0BB /* OpenGLES.framework in Frameworks */,
			);
			runOnlyForDeploymentPostprocessing = 0;
		};
/* End PBXFrameworksBuildPhase section */

/* Begin PBXGroup section */
		1D043AF81EB0745F003AD0BB /* Frameworks */ = {
			isa = PBXGroup;
			children = (
				1D043AFB1EB07506003AD0BB /* OpenGLES.framework */,
				1D043AF91EB0745F003AD0BB /* GLKit.framework */,
			);
			name = Frameworks;
			sourceTree = "<group>";
		};
		1DE466B41EA9EFFF007B3AE7 = {
			isa = PBXGroup;
			children = (
				1DE466BF1EA9EFFF007B3AE7 /* vi3d */,
				1DE466BE1EA9EFFF007B3AE7 /* Products */,
				1D043AF81EB0745F003AD0BB /* Frameworks */,
			);
			sourceTree = "<group>";
		};
		1DE466BE1EA9EFFF007B3AE7 /* Products */ = {
			isa = PBXGroup;
			children = (
				1DE466BD1EA9EFFF007B3AE7 /* vi3d.app */,
			);
			name = Products;
			sourceTree = "<group>";
		};
		1DE466BF1EA9EFFF007B3AE7 /* vi3d */ = {
			isa = PBXGroup;
			children = (
				1D043ACE1EB051DD003AD0BB /* ll_all.c */,
				1D043ACF1EB051DD003AD0BB /* ll_all.h */,
				1D043AD01EB051DD003AD0BB /* ll_gles.c */,
				1D043AD11EB051DD003AD0BB /* ll_vi3d.c */,
				1D043AD41EB051DD003AD0BB /* vi_app.c */,
				1D043AD51EB051DD003AD0BB /* vi_app.h */,
				1D043AD61EB051DD003AD0BB /* vi_file.c */,
				1D043AD71EB051DD003AD0BB /* vi_file.h */,
				1D043AD81EB051DD003AD0BB /* vi_log.c */,
				1D043AD91EB051DD003AD0BB /* vi_log.h */,
				1D043ADA1EB051DD003AD0BB /* vi_lua.c */,
				1D043ADB1EB051DD003AD0BB /* vi_lua.h */,
				1D043ADC1EB051DD003AD0BB /* vi_math.c */,
				1D043ADD1EB051DD003AD0BB /* vi_math.h */,
				1D043ADE1EB051DD003AD0BB /* vi_mem.c */,
				1D043ADF1EB051DD003AD0BB /* vi_mem.h */,
				1D043AE01EB051DD003AD0BB /* vi_msg.c */,
				1D043AE11EB051DD003AD0BB /* vi_msg.h */,
				1D043AE21EB051DD003AD0BB /* vi_sys.c */,
				1D043AE31EB051DD003AD0BB /* vi_sys.h */,
				1D043AE41EB051DD003AD0BB /* vi3d.c */,
				1D043AE51EB051DD003AD0BB /* vi3d.h */,
				1DE466C11EA9EFFF007B3AE7 /* main.m */,
				1DE466CC1EA9EFFF007B3AE7 /* Assets.xcassets */,
				1DE466D11EA9EFFF007B3AE7 /* Info.plist */,
			);
			path = vi3d;
			sourceTree = "<group>";
		};
/* End PBXGroup section */

/* Begin PBXNativeTarget section */
		1DE466BC1EA9EFFF007B3AE7 /* vi3d */ = {
			isa = PBXNativeTarget;
			buildConfigurationList = 1DE466D41EA9EFFF007B3AE7 /* Build configuration list for PBXNativeTarget "vi3d" */;
			buildPhases = (
				1DE466B91EA9EFFF007B3AE7 /* Sources */,
				1DE466BA1EA9EFFF007B3AE7 /* Frameworks */,
				1DE466BB1EA9EFFF007B3AE7 /* Resources */,
			);
			buildRules = (
			);
			dependencies = (
			);
			name = vi3d;
			productName = vi3d;
			productReference = 1DE466BD1EA9EFFF007B3AE7 /* vi3d.app */;
			productType = "com.apple.product-type.application";
		};
/* End PBXNativeTarget section */

/* Begin PBXProject section */
		1DE466B51EA9EFFF007B3AE7 /* Project object */ = {
			isa = PBXProject;
			attributes = {
				LastUpgradeCheck = 0830;
				ORGANIZATIONNAME = viware;
				TargetAttributes = {
					1DE466BC1EA9EFFF007B3AE7 = {
						CreatedOnToolsVersion = 8.3.2;
						DevelopmentTeam = 59L3B76TR9;
						ProvisioningStyle = Automatic;
					};
				};
			};
			buildConfigurationList = 1DE466B81EA9EFFF007B3AE7 /* Build configuration list for PBXProject "vi3d" */;
			compatibilityVersion = "Xcode 3.2";
			developmentRegion = English;
			hasScannedForEncodings = 0;
			knownRegions = (
				en,
				Base,
			);
			mainGroup = 1DE466B41EA9EFFF007B3AE7;
			productRefGroup = 1DE466BE1EA9EFFF007B3AE7 /* Products */;
			projectDirPath = "";
			projectRoot = "";
			targets = (
				1DE466BC1EA9EFFF007B3AE7 /* vi3d */,
			);
		};
/* End PBXProject section */

/* Begin PBXResourcesBuildPhase section */
		1DE466BB1EA9EFFF007B3AE7 /* Resources */ = {
			isa = PBXResourcesBuildPhase;
			buildActionMask = 2147483647;
			files = (
				1DE466CD1EA9EFFF007B3AE7 /* Assets.xcassets in Resources */,
			);
			runOnlyForDeploymentPostprocessing = 0;
		};
/* End PBXResourcesBuildPhase section */

/* Begin PBXSourcesBuildPhase section */
		1DE466B91EA9EFFF007B3AE7 /* Sources */ = {
			isa = PBXSourcesBuildPhase;
			buildActionMask = 2147483647;
			files = (
				1D043AEB1EB051DD003AD0BB /* vi_file.c in Sources */,
				1D043AF21EB051DD003AD0BB /* vi3d.c in Sources */,
				1D043AEC1EB051DD003AD0BB /* vi_log.c in Sources */,
				1D043AF01EB051DD003AD0BB /* vi_msg.c in Sources */,
				1DE466C21EA9EFFF007B3AE7 /* main.m in Sources */,
				1D043AEE1EB051DD003AD0BB /* vi_math.c in Sources */,
				1D043AED1EB051DD003AD0BB /* vi_lua.c in Sources */,
				1D043AEA1EB051DD003AD0BB /* vi_app.c in Sources */,
				1D043AE71EB051DD003AD0BB /* ll_gles.c in Sources */,
				1D043AEF1EB051DD003AD0BB /* vi_mem.c in Sources */,
				1D043AE61EB051DD003AD0BB /* ll_all.c in Sources */,
				1D043AF11EB051DD003AD0BB /* vi_sys.c in Sources */,
				1D043AE81EB051DD003AD0BB /* ll_vi3d.c in Sources */,
			);
			runOnlyForDeploymentPostprocessing = 0;
		};
/* End PBXSourcesBuildPhase section */

/* Begin XCBuildConfiguration section */
		1DE466D21EA9EFFF007B3AE7 /* Debug */ = {
			isa = XCBuildConfiguration;
			buildSettings = {
				ALWAYS_SEARCH_USER_PATHS = NO;
				CLANG_ANALYZER_NONNULL = YES;
				CLANG_ANALYZER_NUMBER_OBJECT_CONVERSION = YES_AGGRESSIVE;
				CLANG_CXX_LANGUAGE_STANDARD = "gnu++0x";
				CLANG_CXX_LIBRARY = "libc++";
				CLANG_ENABLE_MODULES = YES;
				CLANG_ENABLE_OBJC_ARC = YES;
				CLANG_WARN_BOOL_CONVERSION = YES;
				CLANG_WARN_CONSTANT_CONVERSION = YES;
				CLANG_WARN_DIRECT_OBJC_ISA_USAGE = YES_ERROR;
				CLANG_WARN_DOCUMENTATION_COMMENTS = YES;
				CLANG_WARN_EMPTY_BODY = YES;
				CLANG_WARN_ENUM_CONVERSION = YES;
				CLANG_WARN_INFINITE_RECURSION = YES;
				CLANG_WARN_INT_CONVERSION = YES;
				CLANG_WARN_OBJC_ROOT_CLASS = YES_ERROR;
				CLANG_WARN_SUSPICIOUS_MOVE = YES;
				CLANG_WARN_UNREACHABLE_CODE = YES;
				CLANG_WARN__DUPLICATE_METHOD_MATCH = YES;
				"CODE_SIGN_IDENTITY[sdk=iphoneos*]" = "iPhone Developer";
				COPY_PHASE_STRIP = NO;
				DEBUG_INFORMATION_FORMAT = dwarf;
				ENABLE_STRICT_OBJC_MSGSEND = YES;
				ENABLE_TESTABILITY = YES;
				GCC_C_LANGUAGE_STANDARD = gnu99;
				GCC_DYNAMIC_NO_PIC = NO;
				GCC_NO_COMMON_BLOCKS = YES;
				GCC_OPTIMIZATION_LEVEL = 0;
				GCC_PREPROCESSOR_DEFINITIONS = (
					"DEBUG=1",
					"$(inherited)",
				);
				GCC_WARN_64_TO_32_BIT_CONVERSION = YES;
				GCC_WARN_ABOUT_RETURN_TYPE = YES_ERROR;
				GCC_WARN_UNDECLARED_SELECTOR = YES;
				GCC_WARN_UNINITIALIZED_AUTOS = YES_AGGRESSIVE;
				GCC_WARN_UNUSED_FUNCTION = YES;
				GCC_WARN_UNUSED_VARIABLE = YES;
				IPHONEOS_DEPLOYMENT_TARGET = 10.3;
				MTL_ENABLE_DEBUG_INFO = YES;
				ONLY_ACTIVE_ARCH = YES;
				SDKROOT = iphoneos;
				TARGETED_DEVICE_FAMILY = "1,2";
			};
			name = Debug;
		};
		1DE466D31EA9EFFF007B3AE7 /* Release */ = {
			isa = XCBuildConfiguration;
			buildSettings = {
				ALWAYS_SEARCH_USER_PATHS = NO;
				CLANG_ANALYZER_NONNULL = YES;
				CLANG_ANALYZER_NUMBER_OBJECT_CONVERSION = YES_AGGRESSIVE;
				CLANG_CXX_LANGUAGE_STANDARD = "gnu++0x";
				CLANG_CXX_LIBRARY = "libc++";
				CLANG_ENABLE_MODULES = YES;
				CLANG_ENABLE_OBJC_ARC = YES;
				CLANG_WARN_BOOL_CONVERSION = YES;
				CLANG_WARN_CONSTANT_CONVERSION = YES;
				CLANG_WARN_DIRECT_OBJC_ISA_USAGE = YES_ERROR;
				CLANG_WARN_DOCUMENTATION_COMMENTS = YES;
				CLANG_WARN_EMPTY_BODY = YES;
				CLANG_WARN_ENUM_CONVERSION = YES;
				CLANG_WARN_INFINITE_RECURSION = YES;
				CLANG_WARN_INT_CONVERSION = YES;
				CLANG_WARN_OBJC_ROOT_CLASS = YES_ERROR;
				CLANG_WARN_SUSPICIOUS_MOVE = YES;
				CLANG_WARN_UNREACHABLE_CODE = YES;
				CLANG_WARN__DUPLICATE_METHOD_MATCH = YES;
				"CODE_SIGN_IDENTITY[sdk=iphoneos*]" = "iPhone Developer";
				COPY_PHASE_STRIP = NO;
				DEBUG_INFORMATION_FORMAT = "dwarf-with-dsym";
				ENABLE_NS_ASSERTIONS = NO;
				ENABLE_STRICT_OBJC_MSGSEND = YES;
				GCC_C_LANGUAGE_STANDARD = gnu99;
				GCC_NO_COMMON_BLOCKS = YES;
				GCC_WARN_64_TO_32_BIT_CONVERSION = YES;
				GCC_WARN_ABOUT_RETURN_TYPE = YES_ERROR;
				GCC_WARN_UNDECLARED_SELECTOR = YES;
				GCC_WARN_UNINITIALIZED_AUTOS = YES_AGGRESSIVE;
				GCC_WARN_UNUSED_FUNCTION = YES;
				GCC_WARN_UNUSED_VARIABLE = YES;
				IPHONEOS_DEPLOYMENT_TARGET = 10.3;
				MTL_ENABLE_DEBUG_INFO = NO;
				SDKROOT = iphoneos;
				TARGETED_DEVICE_FAMILY = "1,2";
				VALIDATE_PRODUCT = YES;
			};
			name = Release;
		};
		1DE466D51EA9EFFF007B3AE7 /* Debug */ = {
			isa = XCBuildConfiguration;
			buildSettings = {
				ASSETCATALOG_COMPILER_APPICON_NAME = AppIcon;
				ASSETCATALOG_COMPILER_LAUNCHIMAGE_NAME = LaunchImage;
				"CODE_SIGN_IDENTITY[sdk=iphoneos*]" = "iPhone Developer";
				DEVELOPMENT_TEAM = 59L3B76TR9;
				HEADER_SEARCH_PATHS = "$(SRCROOT)/../../3rd/lua-5.3.3/src";
				INFOPLIST_FILE = vi3d/Info.plist;
				LD_NO_PIE = NO;
				LD_RUNPATH_SEARCH_PATHS = "$(inherited) @executable_path/Frameworks";
				"LIBRARY_SEARCH_PATHS[arch=*]" = "$(SRCROOT)/../../3rd/lua-5.3.3/lib_ios/Debug";
				ONLY_ACTIVE_ARCH = NO;
				OTHER_LDFLAGS = "-llua";
				PRODUCT_BUNDLE_IDENTIFIER = cn.viware.vi3d;
				PRODUCT_NAME = "$(TARGET_NAME)";
				PROVISIONING_PROFILE_SPECIFIER = "";
				TARGETED_DEVICE_FAMILY = "1,2";
			};
			name = Debug;
		};
		1DE466D61EA9EFFF007B3AE7 /* Release */ = {
			isa = XCBuildConfiguration;
			buildSettings = {
				ASSETCATALOG_COMPILER_APPICON_NAME = AppIcon;
				ASSETCATALOG_COMPILER_LAUNCHIMAGE_NAME = LaunchImage;
				"CODE_SIGN_IDENTITY[sdk=iphoneos*]" = "iPhone Developer";
				DEVELOPMENT_TEAM = 59L3B76TR9;
				HEADER_SEARCH_PATHS = "$(SRCROOT)/../../3rd/lua-5.3.3/src";
				INFOPLIST_FILE = vi3d/Info.plist;
				LD_NO_PIE = NO;
				LD_RUNPATH_SEARCH_PATHS = "$(inherited) @executable_path/Frameworks";
				"LIBRARY_SEARCH_PATHS[arch=*]" = "$(SRCROOT)/../../3rd/lua-5.3.3/lib_ios/Release";
				ONLY_ACTIVE_ARCH = NO;
				OTHER_LDFLAGS = "-llua";
				PRODUCT_BUNDLE_IDENTIFIER = cn.viware.vi3d;
				PRODUCT_NAME = "$(TARGET_NAME)";
				PROVISIONING_PROFILE_SPECIFIER = "";
				TARGETED_DEVICE_FAMILY = "1,2";
			};
			name = Release;
		};
/* End XCBuildConfiguration section */

/* Begin XCConfigurationList section */
		1DE466B81EA9EFFF007B3AE7 /* Build configuration list for PBXProject "vi3d" */ = {
			isa = XCConfigurationList;
			buildConfigurations = (
				1DE466D21EA9EFFF007B3AE7 /* Debug */,
				1DE466D31EA9EFFF007B3AE7 /* Release */,
			);
			defaultConfigurationIsVisible = 0;
			defaultConfigurationName = Release;
		};
		1DE466D41EA9EFFF007B3AE7 /* Build configuration list for PBXNativeTarget "vi3d" */ = {
			isa = XCConfigurationList;
			buildConfigurations = (
				1DE466D51EA9EFFF007B3AE7 /* Debug */,
				1DE466D61EA9EFFF007B3AE7 /* Release */,
			);
			defaultConfigurationIsVisible = 0;
			defaultConfigurationName = Release;
		};
/* End XCConfigurationList section */
	};
	rootObject = 1DE466B51EA9EFFF007B3AE7 /* Project object */;
}
